// !$*UTF8*$!
{
	archiveVersion = 1;
	classes = {
	};
	objectVersion = 52;
	objects = {

/* Begin PBXAggregateTarget section */
		"Fusion::FusionPackageTests::ProductTarget" /* FusionPackageTests */ = {
			isa = PBXAggregateTarget;
			buildConfigurationList = OBJ_473 /* Build configuration list for PBXAggregateTarget "FusionPackageTests" */;
			buildPhases = (
			);
			dependencies = (
				OBJ_476 /* PBXTargetDependency */,
			);
			name = FusionPackageTests;
			productName = FusionPackageTests;
		};
/* End PBXAggregateTarget section */

/* Begin PBXBuildFile section */
		B84DE8392729E78D00A017C9 /* Alamofire.xcframework in Frameworks */ = {isa = PBXBuildFile; fileRef = B86A643F26EC823E00EEBAAE /* Alamofire.xcframework */; };
		B84DE83B2729E78D00A017C9 /* SwiftyJSON.xcframework in Frameworks */ = {isa = PBXBuildFile; fileRef = B86A643E26EC823E00EEBAAE /* SwiftyJSON.xcframework */; };
		B84DE83D2729E78D00A017C9 /* Kingfisher.xcframework in Frameworks */ = {isa = PBXBuildFile; fileRef = B86A643726EC822B00EEBAAE /* Kingfisher.xcframework */; };
		B86A644926EC848900EEBAAE /* ModelSource.swift in Sources */ = {isa = PBXBuildFile; fileRef = B86A644826EC848900EEBAAE /* ModelSource.swift */; };
		B86A644B26ECAEAC00EEBAAE /* Units.swift in Sources */ = {isa = PBXBuildFile; fileRef = B86A644A26ECAEAC00EEBAAE /* Units.swift */; };
		B86A644F26ECB01500EEBAAE /* SketchShadow.swift in Sources */ = {isa = PBXBuildFile; fileRef = B86A644E26ECB01500EEBAAE /* SketchShadow.swift */; };
		B86A645926ECB60F00EEBAAE /* BulletModel+ListItemView.swift in Sources */ = {isa = PBXBuildFile; fileRef = B86A645326ECB60E00EEBAAE /* BulletModel+ListItemView.swift */; };
		B86A645A26ECB60F00EEBAAE /* ImageModel+FusionView.swift in Sources */ = {isa = PBXBuildFile; fileRef = B86A645426ECB60E00EEBAAE /* ImageModel+FusionView.swift */; };
		B86A645B26ECB60F00EEBAAE /* ButtonModel+FusionView.swift in Sources */ = {isa = PBXBuildFile; fileRef = B86A645526ECB60F00EEBAAE /* ButtonModel+FusionView.swift */; };
		B86A645C26ECB60F00EEBAAE /* ListItemModel+ListItemView.swift in Sources */ = {isa = PBXBuildFile; fileRef = B86A645626ECB60F00EEBAAE /* ListItemModel+ListItemView.swift */; };
		B86A645D26ECB60F00EEBAAE /* TextEntity+FusionView.swift in Sources */ = {isa = PBXBuildFile; fileRef = B86A645726ECB60F00EEBAAE /* TextEntity+FusionView.swift */; };
		B86A645E26ECB60F00EEBAAE /* DividerModel+FusionView.swift in Sources */ = {isa = PBXBuildFile; fileRef = B86A645826ECB60F00EEBAAE /* DividerModel+FusionView.swift */; };
		B86A646026ECB66400EEBAAE /* Defaults.swift in Sources */ = {isa = PBXBuildFile; fileRef = B86A645F26ECB66400EEBAAE /* Defaults.swift */; };
		B86A646526ECB69C00EEBAAE /* Color+Extensions.swift in Sources */ = {isa = PBXBuildFile; fileRef = B86A646226ECB69C00EEBAAE /* Color+Extensions.swift */; };
		B86A646626ECB69C00EEBAAE /* Color+RGBA.swift in Sources */ = {isa = PBXBuildFile; fileRef = B86A646326ECB69C00EEBAAE /* Color+RGBA.swift */; };
		B86A646726ECB69C00EEBAAE /* EdgeInsets+Extensions.swift in Sources */ = {isa = PBXBuildFile; fileRef = B86A646426ECB69C00EEBAAE /* EdgeInsets+Extensions.swift */; };
		B86A646926ECB6DD00EEBAAE /* LineHeight.swift in Sources */ = {isa = PBXBuildFile; fileRef = B86A646826ECB6DD00EEBAAE /* LineHeight.swift */; };
		B86A647526ECB74100EEBAAE /* View+ViewModel.swift in Sources */ = {isa = PBXBuildFile; fileRef = B86A646D26ECB74100EEBAAE /* View+ViewModel.swift */; };
		B86A647626ECB74100EEBAAE /* FontModel+LegacyFont.swift in Sources */ = {isa = PBXBuildFile; fileRef = B86A646E26ECB74100EEBAAE /* FontModel+LegacyFont.swift */; };
		B86A647726ECB74100EEBAAE /* TextAlignmentModel+TextAlignment.swift in Sources */ = {isa = PBXBuildFile; fileRef = B86A646F26ECB74100EEBAAE /* TextAlignmentModel+TextAlignment.swift */; };
		B86A647826ECB74100EEBAAE /* LineHeight+ViewModifier.swift in Sources */ = {isa = PBXBuildFile; fileRef = B86A647026ECB74100EEBAAE /* LineHeight+ViewModifier.swift */; };
		B86A647926ECB74100EEBAAE /* SketchShadow+ViewModifier.swift in Sources */ = {isa = PBXBuildFile; fileRef = B86A647126ECB74100EEBAAE /* SketchShadow+ViewModifier.swift */; };
		B86A647A26ECB74100EEBAAE /* FontModel+Font.swift in Sources */ = {isa = PBXBuildFile; fileRef = B86A647226ECB74100EEBAAE /* FontModel+Font.swift */; };
		B86A647B26ECB74100EEBAAE /* InsetsModel+EdgeInsets.swift in Sources */ = {isa = PBXBuildFile; fileRef = B86A647326ECB74100EEBAAE /* InsetsModel+EdgeInsets.swift */; };
		B86A647C26ECB74100EEBAAE /* Text+FontModel.swift in Sources */ = {isa = PBXBuildFile; fileRef = B86A647426ECB74100EEBAAE /* Text+FontModel.swift */; };
		B86A648526ECB8DB00EEBAAE /* Sample.swift in Sources */ = {isa = PBXBuildFile; fileRef = B86A648426ECB8DB00EEBAAE /* Sample.swift */; };
		B86A648C26ECCD6600EEBAAE /* Page+View.swift in Sources */ = {isa = PBXBuildFile; fileRef = B86A648B26ECCD6600EEBAAE /* Page+View.swift */; };
		B86A648E26ED0E4D00EEBAAE /* FusionView.swift in Sources */ = {isa = PBXBuildFile; fileRef = B86A648D26ED0E4D00EEBAAE /* FusionView.swift */; };
		B86A649026ED0F5F00EEBAAE /* ModelView.swift in Sources */ = {isa = PBXBuildFile; fileRef = B86A648F26ED0F5F00EEBAAE /* ModelView.swift */; };
		B86A649226ED103D00EEBAAE /* ListItemView.swift in Sources */ = {isa = PBXBuildFile; fileRef = B86A649126ED103D00EEBAAE /* ListItemView.swift */; };
		B86A649426ED13C100EEBAAE /* Actionable.swift in Sources */ = {isa = PBXBuildFile; fileRef = B86A649326ED13C100EEBAAE /* Actionable.swift */; };
		B86A649726ED416B00EEBAAE /* EmailViewControllerRepresentable.swift in Sources */ = {isa = PBXBuildFile; fileRef = B86A649626ED416B00EEBAAE /* EmailViewControllerRepresentable.swift */; };
		OBJ_274 /* AFError.swift in Sources */ = {isa = PBXBuildFile; fileRef = OBJ_218 /* AFError.swift */; };
		OBJ_275 /* Alamofire.swift in Sources */ = {isa = PBXBuildFile; fileRef = OBJ_219 /* Alamofire.swift */; };
		OBJ_276 /* AlamofireExtended.swift in Sources */ = {isa = PBXBuildFile; fileRef = OBJ_220 /* AlamofireExtended.swift */; };
		OBJ_277 /* AuthenticationInterceptor.swift in Sources */ = {isa = PBXBuildFile; fileRef = OBJ_221 /* AuthenticationInterceptor.swift */; };
		OBJ_278 /* CachedResponseHandler.swift in Sources */ = {isa = PBXBuildFile; fileRef = OBJ_222 /* CachedResponseHandler.swift */; };
		OBJ_279 /* Combine.swift in Sources */ = {isa = PBXBuildFile; fileRef = OBJ_223 /* Combine.swift */; };
		OBJ_280 /* DispatchQueue+Alamofire.swift in Sources */ = {isa = PBXBuildFile; fileRef = OBJ_224 /* DispatchQueue+Alamofire.swift */; };
		OBJ_281 /* EventMonitor.swift in Sources */ = {isa = PBXBuildFile; fileRef = OBJ_225 /* EventMonitor.swift */; };
		OBJ_282 /* HTTPHeaders.swift in Sources */ = {isa = PBXBuildFile; fileRef = OBJ_226 /* HTTPHeaders.swift */; };
		OBJ_283 /* HTTPMethod.swift in Sources */ = {isa = PBXBuildFile; fileRef = OBJ_227 /* HTTPMethod.swift */; };
		OBJ_284 /* MultipartFormData.swift in Sources */ = {isa = PBXBuildFile; fileRef = OBJ_228 /* MultipartFormData.swift */; };
		OBJ_285 /* MultipartUpload.swift in Sources */ = {isa = PBXBuildFile; fileRef = OBJ_229 /* MultipartUpload.swift */; };
		OBJ_286 /* NetworkReachabilityManager.swift in Sources */ = {isa = PBXBuildFile; fileRef = OBJ_230 /* NetworkReachabilityManager.swift */; };
		OBJ_287 /* Notifications.swift in Sources */ = {isa = PBXBuildFile; fileRef = OBJ_231 /* Notifications.swift */; };
		OBJ_288 /* OperationQueue+Alamofire.swift in Sources */ = {isa = PBXBuildFile; fileRef = OBJ_232 /* OperationQueue+Alamofire.swift */; };
		OBJ_289 /* ParameterEncoder.swift in Sources */ = {isa = PBXBuildFile; fileRef = OBJ_233 /* ParameterEncoder.swift */; };
		OBJ_290 /* ParameterEncoding.swift in Sources */ = {isa = PBXBuildFile; fileRef = OBJ_234 /* ParameterEncoding.swift */; };
		OBJ_291 /* Protected.swift in Sources */ = {isa = PBXBuildFile; fileRef = OBJ_235 /* Protected.swift */; };
		OBJ_292 /* RedirectHandler.swift in Sources */ = {isa = PBXBuildFile; fileRef = OBJ_236 /* RedirectHandler.swift */; };
		OBJ_293 /* Request.swift in Sources */ = {isa = PBXBuildFile; fileRef = OBJ_237 /* Request.swift */; };
		OBJ_294 /* RequestInterceptor.swift in Sources */ = {isa = PBXBuildFile; fileRef = OBJ_238 /* RequestInterceptor.swift */; };
		OBJ_295 /* RequestTaskMap.swift in Sources */ = {isa = PBXBuildFile; fileRef = OBJ_239 /* RequestTaskMap.swift */; };
		OBJ_296 /* Response.swift in Sources */ = {isa = PBXBuildFile; fileRef = OBJ_240 /* Response.swift */; };
		OBJ_297 /* ResponseSerialization.swift in Sources */ = {isa = PBXBuildFile; fileRef = OBJ_241 /* ResponseSerialization.swift */; };
		OBJ_298 /* Result+Alamofire.swift in Sources */ = {isa = PBXBuildFile; fileRef = OBJ_242 /* Result+Alamofire.swift */; };
		OBJ_299 /* RetryPolicy.swift in Sources */ = {isa = PBXBuildFile; fileRef = OBJ_243 /* RetryPolicy.swift */; };
		OBJ_300 /* ServerTrustEvaluation.swift in Sources */ = {isa = PBXBuildFile; fileRef = OBJ_244 /* ServerTrustEvaluation.swift */; };
		OBJ_301 /* Session.swift in Sources */ = {isa = PBXBuildFile; fileRef = OBJ_245 /* Session.swift */; };
		OBJ_302 /* SessionDelegate.swift in Sources */ = {isa = PBXBuildFile; fileRef = OBJ_246 /* SessionDelegate.swift */; };
		OBJ_303 /* StringEncoding+Alamofire.swift in Sources */ = {isa = PBXBuildFile; fileRef = OBJ_247 /* StringEncoding+Alamofire.swift */; };
		OBJ_304 /* URLConvertible+URLRequestConvertible.swift in Sources */ = {isa = PBXBuildFile; fileRef = OBJ_248 /* URLConvertible+URLRequestConvertible.swift */; };
		OBJ_305 /* URLEncodedFormEncoder.swift in Sources */ = {isa = PBXBuildFile; fileRef = OBJ_249 /* URLEncodedFormEncoder.swift */; };
		OBJ_306 /* URLRequest+Alamofire.swift in Sources */ = {isa = PBXBuildFile; fileRef = OBJ_250 /* URLRequest+Alamofire.swift */; };
		OBJ_307 /* URLSessionConfiguration+Alamofire.swift in Sources */ = {isa = PBXBuildFile; fileRef = OBJ_251 /* URLSessionConfiguration+Alamofire.swift */; };
		OBJ_308 /* Validation.swift in Sources */ = {isa = PBXBuildFile; fileRef = OBJ_252 /* Validation.swift */; };
		OBJ_315 /* Package.swift in Sources */ = {isa = PBXBuildFile; fileRef = OBJ_217 /* Package.swift */; };
		OBJ_331 /* JSONDecoder+SnakeCase.swift in Sources */ = {isa = PBXBuildFile; fileRef = OBJ_20 /* JSONDecoder+SnakeCase.swift */; };
		OBJ_333 /* OSLog+Logger.swift in Sources */ = {isa = PBXBuildFile; fileRef = OBJ_22 /* OSLog+Logger.swift */; };
		OBJ_335 /* Data+Codable.swift in Sources */ = {isa = PBXBuildFile; fileRef = OBJ_24 /* Data+Codable.swift */; };
		OBJ_343 /* UINavigationController+ActionHandler.swift in Sources */ = {isa = PBXBuildFile; fileRef = OBJ_33 /* UINavigationController+ActionHandler.swift */; };
		OBJ_344 /* UINavigationController+Extensions.swift in Sources */ = {isa = PBXBuildFile; fileRef = OBJ_34 /* UINavigationController+Extensions.swift */; };
		OBJ_345 /* UINavigationController+Page.swift in Sources */ = {isa = PBXBuildFile; fileRef = OBJ_35 /* UINavigationController+Page.swift */; };
		OBJ_350 /* URL+URLComponents.swift in Sources */ = {isa = PBXBuildFile; fileRef = OBJ_40 /* URL+URLComponents.swift */; };
		OBJ_351 /* Fusion.swift in Sources */ = {isa = PBXBuildFile; fileRef = OBJ_41 /* Fusion.swift */; };
		OBJ_352 /* APIEnum.swift in Sources */ = {isa = PBXBuildFile; fileRef = OBJ_43 /* APIEnum.swift */; };
		OBJ_353 /* APIModel.swift in Sources */ = {isa = PBXBuildFile; fileRef = OBJ_44 /* APIModel.swift */; };
		OBJ_354 /* BorderModel.swift in Sources */ = {isa = PBXBuildFile; fileRef = OBJ_46 /* BorderModel.swift */; };
		OBJ_355 /* EntryModel.swift in Sources */ = {isa = PBXBuildFile; fileRef = OBJ_47 /* EntryModel.swift */; };
		OBJ_356 /* FontModel.swift in Sources */ = {isa = PBXBuildFile; fileRef = OBJ_48 /* FontModel.swift */; };
		OBJ_357 /* InsetsModel.swift in Sources */ = {isa = PBXBuildFile; fileRef = OBJ_49 /* InsetsModel.swift */; };
		OBJ_359 /* ShadowModel.swift in Sources */ = {isa = PBXBuildFile; fileRef = OBJ_51 /* ShadowModel.swift */; };
		OBJ_360 /* SizeModel.swift in Sources */ = {isa = PBXBuildFile; fileRef = OBJ_52 /* SizeModel.swift */; };
		OBJ_361 /* TextAlignmentModel.swift in Sources */ = {isa = PBXBuildFile; fileRef = OBJ_53 /* TextAlignmentModel.swift */; };
		OBJ_362 /* Action.swift in Sources */ = {isa = PBXBuildFile; fileRef = OBJ_56 /* Action.swift */; };
		OBJ_363 /* EmailAction.swift in Sources */ = {isa = PBXBuildFile; fileRef = OBJ_57 /* EmailAction.swift */; };
		OBJ_364 /* LinkAction.swift in Sources */ = {isa = PBXBuildFile; fileRef = OBJ_58 /* LinkAction.swift */; };
		OBJ_365 /* NativeAction.swift in Sources */ = {isa = PBXBuildFile; fileRef = OBJ_59 /* NativeAction.swift */; };
		OBJ_366 /* PageAction.swift in Sources */ = {isa = PBXBuildFile; fileRef = OBJ_60 /* PageAction.swift */; };
		OBJ_367 /* BulletModel.swift in Sources */ = {isa = PBXBuildFile; fileRef = OBJ_61 /* BulletModel.swift */; };
		OBJ_368 /* BulletGroupModel.swift in Sources */ = {isa = PBXBuildFile; fileRef = OBJ_62 /* BulletGroupModel.swift */; };
		OBJ_369 /* ButtonModel.swift in Sources */ = {isa = PBXBuildFile; fileRef = OBJ_63 /* ButtonModel.swift */; };
		OBJ_370 /* DividerModel.swift in Sources */ = {isa = PBXBuildFile; fileRef = OBJ_64 /* DividerModel.swift */; };
		OBJ_371 /* ImageModel.swift in Sources */ = {isa = PBXBuildFile; fileRef = OBJ_65 /* ImageModel.swift */; };
		OBJ_372 /* JSONModel.swift in Sources */ = {isa = PBXBuildFile; fileRef = OBJ_66 /* JSONModel.swift */; };
		OBJ_373 /* ListItemModel.swift in Sources */ = {isa = PBXBuildFile; fileRef = OBJ_67 /* ListItemModel.swift */; };
		OBJ_374 /* TextModel.swift in Sources */ = {isa = PBXBuildFile; fileRef = OBJ_68 /* TextModel.swift */; };
		OBJ_375 /* Page.swift in Sources */ = {isa = PBXBuildFile; fileRef = OBJ_69 /* Page.swift */; };
		OBJ_376 /* ModelState.swift in Sources */ = {isa = PBXBuildFile; fileRef = OBJ_70 /* ModelState.swift */; };
		OBJ_377 /* Screen.swift in Sources */ = {isa = PBXBuildFile; fileRef = OBJ_71 /* Screen.swift */; };
		OBJ_378 /* ActionHandler.swift in Sources */ = {isa = PBXBuildFile; fileRef = OBJ_74 /* ActionHandler.swift */; };
		OBJ_390 /* TextEntity.swift in Sources */ = {isa = PBXBuildFile; fileRef = OBJ_88 /* TextEntity.swift */; };
		OBJ_391 /* ViewModel.swift in Sources */ = {isa = PBXBuildFile; fileRef = OBJ_89 /* ViewModel.swift */; };
		OBJ_408 /* ModelData.swift in Sources */ = {isa = PBXBuildFile; fileRef = OBJ_116 /* ModelData.swift */; };
		OBJ_409 /* ProjectFile.swift in Sources */ = {isa = PBXBuildFile; fileRef = OBJ_117 /* ProjectFile.swift */; };
		OBJ_414 /* Email.swift in Sources */ = {isa = PBXBuildFile; fileRef = OBJ_125 /* Email.swift */; };
		OBJ_415 /* EmailClient.swift in Sources */ = {isa = PBXBuildFile; fileRef = OBJ_126 /* EmailClient.swift */; };
		OBJ_416 /* EmailDelegate.swift in Sources */ = {isa = PBXBuildFile; fileRef = OBJ_127 /* EmailDelegate.swift */; };
		OBJ_417 /* UIViewController+Email.swift in Sources */ = {isa = PBXBuildFile; fileRef = OBJ_128 /* UIViewController+Email.swift */; };
		OBJ_420 /* SafariDelegate.swift in Sources */ = {isa = PBXBuildFile; fileRef = OBJ_131 /* SafariDelegate.swift */; };
		OBJ_422 /* BaseTableViewController.swift in Sources */ = {isa = PBXBuildFile; fileRef = OBJ_134 /* BaseTableViewController.swift */; };
		OBJ_423 /* BaseViewController.swift in Sources */ = {isa = PBXBuildFile; fileRef = OBJ_135 /* BaseViewController.swift */; };
		OBJ_424 /* PageViewController.swift in Sources */ = {isa = PBXBuildFile; fileRef = OBJ_136 /* PageViewController.swift */; };
		OBJ_471 /* Package.swift in Sources */ = {isa = PBXBuildFile; fileRef = OBJ_6 /* Package.swift */; };
		OBJ_482 /* FusionTests.swift in Sources */ = {isa = PBXBuildFile; fileRef = OBJ_178 /* FusionTests.swift */; };
		OBJ_483 /* UIColorExtensionsTests.swift in Sources */ = {isa = PBXBuildFile; fileRef = OBJ_179 /* UIColorExtensionsTests.swift */; };
		OBJ_484 /* XCTestManifests.swift in Sources */ = {isa = PBXBuildFile; fileRef = OBJ_180 /* XCTestManifests.swift */; };
		OBJ_486 /* Fusion.framework in Frameworks */ = {isa = PBXBuildFile; fileRef = "Fusion::Fusion::Product" /* Fusion.framework */; };
		OBJ_487 /* HTTPRequest.framework in Frameworks */ = {isa = PBXBuildFile; fileRef = "HTTPRequest::HTTPRequest::Product" /* HTTPRequest.framework */; };
		OBJ_488 /* Alamofire.framework in Frameworks */ = {isa = PBXBuildFile; fileRef = "Alamofire::Alamofire::Product" /* Alamofire.framework */; };
		OBJ_489 /* SwiftyJSON.framework in Frameworks */ = {isa = PBXBuildFile; fileRef = "SwiftyJSON::SwiftyJSON::Product" /* SwiftyJSON.framework */; };
		OBJ_498 /* AFDataResponse+Model.swift in Sources */ = {isa = PBXBuildFile; fileRef = OBJ_185 /* AFDataResponse+Model.swift */; };
		OBJ_499 /* Array+URLQueryItem.swift in Sources */ = {isa = PBXBuildFile; fileRef = OBJ_186 /* Array+URLQueryItem.swift */; };
		OBJ_500 /* FileManager+Extensions.swift in Sources */ = {isa = PBXBuildFile; fileRef = OBJ_187 /* FileManager+Extensions.swift */; };
		OBJ_501 /* HTTPHeader+Headers.swift in Sources */ = {isa = PBXBuildFile; fileRef = OBJ_188 /* HTTPHeader+Headers.swift */; };
		OBJ_502 /* HierarchicalDateFormatter.swift in Sources */ = {isa = PBXBuildFile; fileRef = OBJ_189 /* HierarchicalDateFormatter.swift */; };
		OBJ_503 /* OSLog+Logger.swift in Sources */ = {isa = PBXBuildFile; fileRef = OBJ_190 /* OSLog+Logger.swift */; };
		OBJ_504 /* String+Data.swift in Sources */ = {isa = PBXBuildFile; fileRef = OBJ_191 /* String+Data.swift */; };
		OBJ_505 /* String+Extensions.swift in Sources */ = {isa = PBXBuildFile; fileRef = OBJ_192 /* String+Extensions.swift */; };
		OBJ_506 /* String+HTTP.swift in Sources */ = {isa = PBXBuildFile; fileRef = OBJ_193 /* String+HTTP.swift */; };
		OBJ_507 /* Configuration.swift in Sources */ = {isa = PBXBuildFile; fileRef = OBJ_195 /* Configuration.swift */; };
		OBJ_508 /* HTTPRequest+Build.swift in Sources */ = {isa = PBXBuildFile; fileRef = OBJ_196 /* HTTPRequest+Build.swift */; };
		OBJ_509 /* HTTPRequest.swift in Sources */ = {isa = PBXBuildFile; fileRef = OBJ_197 /* HTTPRequest.swift */; };
		OBJ_510 /* HTTPRequestable.swift in Sources */ = {isa = PBXBuildFile; fileRef = OBJ_198 /* HTTPRequestable.swift */; };
		OBJ_511 /* KeychainError.swift in Sources */ = {isa = PBXBuildFile; fileRef = OBJ_200 /* KeychainError.swift */; };
		OBJ_512 /* KeychainToken.swift in Sources */ = {isa = PBXBuildFile; fileRef = OBJ_201 /* KeychainToken.swift */; };
		OBJ_513 /* NotificationCenter+KeychainToken.swift in Sources */ = {isa = PBXBuildFile; fileRef = OBJ_202 /* NotificationCenter+KeychainToken.swift */; };
		OBJ_514 /* DateFormatter+ISO8601.swift in Sources */ = {isa = PBXBuildFile; fileRef = OBJ_204 /* DateFormatter+ISO8601.swift */; };
		OBJ_515 /* Decodable+JSON.swift in Sources */ = {isa = PBXBuildFile; fileRef = OBJ_205 /* Decodable+JSON.swift */; };
		OBJ_516 /* Encodable+JSON.swift in Sources */ = {isa = PBXBuildFile; fileRef = OBJ_206 /* Encodable+JSON.swift */; };
		OBJ_517 /* JSONDecoder+Default.swift in Sources */ = {isa = PBXBuildFile; fileRef = OBJ_207 /* JSONDecoder+Default.swift */; };
		OBJ_518 /* JSONEncoder+Default.swift in Sources */ = {isa = PBXBuildFile; fileRef = OBJ_208 /* JSONEncoder+Default.swift */; };
		OBJ_519 /* Model.swift in Sources */ = {isa = PBXBuildFile; fileRef = OBJ_209 /* Model.swift */; };
		OBJ_520 /* Result+Extensions.swift in Sources */ = {isa = PBXBuildFile; fileRef = OBJ_210 /* Result+Extensions.swift */; };
		OBJ_521 /* Result+Model.swift in Sources */ = {isa = PBXBuildFile; fileRef = OBJ_211 /* Result+Model.swift */; };
		OBJ_522 /* SnakeCaseModel.swift in Sources */ = {isa = PBXBuildFile; fileRef = OBJ_212 /* SnakeCaseModel.swift */; };
		OBJ_523 /* Session+URLRequest.swift in Sources */ = {isa = PBXBuildFile; fileRef = OBJ_214 /* Session+URLRequest.swift */; };
		OBJ_524 /* Session+URLRequestConvertible.swift in Sources */ = {isa = PBXBuildFile; fileRef = OBJ_215 /* Session+URLRequestConvertible.swift */; };
		OBJ_526 /* Alamofire.framework in Frameworks */ = {isa = PBXBuildFile; fileRef = "Alamofire::Alamofire::Product" /* Alamofire.framework */; };
		OBJ_533 /* Package.swift in Sources */ = {isa = PBXBuildFile; fileRef = OBJ_183 /* Package.swift */; };
		OBJ_538 /* SwiftyJSON.swift in Sources */ = {isa = PBXBuildFile; fileRef = OBJ_255 /* SwiftyJSON.swift */; };
		OBJ_545 /* Package.swift in Sources */ = {isa = PBXBuildFile; fileRef = OBJ_256 /* Package.swift */; };
/* End PBXBuildFile section */

/* Begin PBXContainerItemProxy section */
		B86A642E26EC81E400EEBAAE /* PBXContainerItemProxy */ = {
			isa = PBXContainerItemProxy;
			containerPortal = OBJ_1 /* Project object */;
			proxyType = 1;
			remoteGlobalIDString = "Alamofire::Alamofire";
			remoteInfo = Alamofire;
		};
		B86A643126EC81E400EEBAAE /* PBXContainerItemProxy */ = {
			isa = PBXContainerItemProxy;
			containerPortal = OBJ_1 /* Project object */;
			proxyType = 1;
			remoteGlobalIDString = "Fusion::Fusion";
			remoteInfo = Fusion;
		};
		B86A643226EC81E400EEBAAE /* PBXContainerItemProxy */ = {
			isa = PBXContainerItemProxy;
			containerPortal = OBJ_1 /* Project object */;
			proxyType = 1;
			remoteGlobalIDString = "HTTPRequest::HTTPRequest";
			remoteInfo = HTTPRequest;
		};
		B86A643326EC81E400EEBAAE /* PBXContainerItemProxy */ = {
			isa = PBXContainerItemProxy;
			containerPortal = OBJ_1 /* Project object */;
			proxyType = 1;
			remoteGlobalIDString = "Alamofire::Alamofire";
			remoteInfo = Alamofire;
		};
		B86A643426EC81E400EEBAAE /* PBXContainerItemProxy */ = {
			isa = PBXContainerItemProxy;
			containerPortal = OBJ_1 /* Project object */;
			proxyType = 1;
			remoteGlobalIDString = "SwiftyJSON::SwiftyJSON";
			remoteInfo = SwiftyJSON;
		};
		B86A643526EC81E500EEBAAE /* PBXContainerItemProxy */ = {
			isa = PBXContainerItemProxy;
			containerPortal = OBJ_1 /* Project object */;
			proxyType = 1;
			remoteGlobalIDString = "Fusion::FusionTests";
			remoteInfo = FusionTests;
		};
/* End PBXContainerItemProxy section */

/* Begin PBXFileReference section */
		"Alamofire::Alamofire::Product" /* Alamofire.framework */ = {isa = PBXFileReference; lastKnownFileType = wrapper.framework; path = Alamofire.framework; sourceTree = BUILT_PRODUCTS_DIR; };
		B86A643726EC822B00EEBAAE /* Kingfisher.xcframework */ = {isa = PBXFileReference; lastKnownFileType = wrapper.xcframework; name = Kingfisher.xcframework; path = Carthage/Build/Kingfisher.xcframework; sourceTree = "<group>"; };
		B86A643826EC822B00EEBAAE /* ThunderTable.xcframework */ = {isa = PBXFileReference; lastKnownFileType = wrapper.xcframework; name = ThunderTable.xcframework; path = Carthage/Build/ThunderTable.xcframework; sourceTree = "<group>"; };
		B86A643E26EC823E00EEBAAE /* SwiftyJSON.xcframework */ = {isa = PBXFileReference; lastKnownFileType = wrapper.xcframework; name = SwiftyJSON.xcframework; path = Carthage/Build/SwiftyJSON.xcframework; sourceTree = "<group>"; };
		B86A643F26EC823E00EEBAAE /* Alamofire.xcframework */ = {isa = PBXFileReference; lastKnownFileType = wrapper.xcframework; name = Alamofire.xcframework; path = Carthage/Build/Alamofire.xcframework; sourceTree = "<group>"; };
		B86A644026EC823E00EEBAAE /* HTTPRequest.xcframework */ = {isa = PBXFileReference; lastKnownFileType = wrapper.xcframework; name = HTTPRequest.xcframework; path = Carthage/Build/HTTPRequest.xcframework; sourceTree = "<group>"; };
		B86A644826EC848900EEBAAE /* ModelSource.swift */ = {isa = PBXFileReference; lastKnownFileType = sourcecode.swift; path = ModelSource.swift; sourceTree = "<group>"; };
		B86A644A26ECAEAC00EEBAAE /* Units.swift */ = {isa = PBXFileReference; lastKnownFileType = sourcecode.swift; path = Units.swift; sourceTree = "<group>"; };
		B86A644E26ECB01500EEBAAE /* SketchShadow.swift */ = {isa = PBXFileReference; lastKnownFileType = sourcecode.swift; path = SketchShadow.swift; sourceTree = "<group>"; };
		B86A645326ECB60E00EEBAAE /* BulletModel+ListItemView.swift */ = {isa = PBXFileReference; fileEncoding = 4; lastKnownFileType = sourcecode.swift; path = "BulletModel+ListItemView.swift"; sourceTree = "<group>"; };
		B86A645426ECB60E00EEBAAE /* ImageModel+FusionView.swift */ = {isa = PBXFileReference; fileEncoding = 4; lastKnownFileType = sourcecode.swift; path = "ImageModel+FusionView.swift"; sourceTree = "<group>"; };
		B86A645526ECB60F00EEBAAE /* ButtonModel+FusionView.swift */ = {isa = PBXFileReference; fileEncoding = 4; lastKnownFileType = sourcecode.swift; path = "ButtonModel+FusionView.swift"; sourceTree = "<group>"; };
		B86A645626ECB60F00EEBAAE /* ListItemModel+ListItemView.swift */ = {isa = PBXFileReference; fileEncoding = 4; lastKnownFileType = sourcecode.swift; path = "ListItemModel+ListItemView.swift"; sourceTree = "<group>"; };
		B86A645726ECB60F00EEBAAE /* TextEntity+FusionView.swift */ = {isa = PBXFileReference; fileEncoding = 4; lastKnownFileType = sourcecode.swift; path = "TextEntity+FusionView.swift"; sourceTree = "<group>"; };
		B86A645826ECB60F00EEBAAE /* DividerModel+FusionView.swift */ = {isa = PBXFileReference; fileEncoding = 4; lastKnownFileType = sourcecode.swift; path = "DividerModel+FusionView.swift"; sourceTree = "<group>"; };
		B86A645F26ECB66400EEBAAE /* Defaults.swift */ = {isa = PBXFileReference; fileEncoding = 4; lastKnownFileType = sourcecode.swift; path = Defaults.swift; sourceTree = "<group>"; };
		B86A646226ECB69C00EEBAAE /* Color+Extensions.swift */ = {isa = PBXFileReference; fileEncoding = 4; lastKnownFileType = sourcecode.swift; path = "Color+Extensions.swift"; sourceTree = "<group>"; };
		B86A646326ECB69C00EEBAAE /* Color+RGBA.swift */ = {isa = PBXFileReference; fileEncoding = 4; lastKnownFileType = sourcecode.swift; path = "Color+RGBA.swift"; sourceTree = "<group>"; };
		B86A646426ECB69C00EEBAAE /* EdgeInsets+Extensions.swift */ = {isa = PBXFileReference; fileEncoding = 4; lastKnownFileType = sourcecode.swift; path = "EdgeInsets+Extensions.swift"; sourceTree = "<group>"; };
		B86A646826ECB6DD00EEBAAE /* LineHeight.swift */ = {isa = PBXFileReference; lastKnownFileType = sourcecode.swift; path = LineHeight.swift; sourceTree = "<group>"; };
		B86A646D26ECB74100EEBAAE /* View+ViewModel.swift */ = {isa = PBXFileReference; fileEncoding = 4; lastKnownFileType = sourcecode.swift; path = "View+ViewModel.swift"; sourceTree = "<group>"; };
		B86A646E26ECB74100EEBAAE /* FontModel+LegacyFont.swift */ = {isa = PBXFileReference; fileEncoding = 4; lastKnownFileType = sourcecode.swift; path = "FontModel+LegacyFont.swift"; sourceTree = "<group>"; };
		B86A646F26ECB74100EEBAAE /* TextAlignmentModel+TextAlignment.swift */ = {isa = PBXFileReference; fileEncoding = 4; lastKnownFileType = sourcecode.swift; path = "TextAlignmentModel+TextAlignment.swift"; sourceTree = "<group>"; };
		B86A647026ECB74100EEBAAE /* LineHeight+ViewModifier.swift */ = {isa = PBXFileReference; fileEncoding = 4; lastKnownFileType = sourcecode.swift; path = "LineHeight+ViewModifier.swift"; sourceTree = "<group>"; };
		B86A647126ECB74100EEBAAE /* SketchShadow+ViewModifier.swift */ = {isa = PBXFileReference; fileEncoding = 4; lastKnownFileType = sourcecode.swift; path = "SketchShadow+ViewModifier.swift"; sourceTree = "<group>"; };
		B86A647226ECB74100EEBAAE /* FontModel+Font.swift */ = {isa = PBXFileReference; fileEncoding = 4; lastKnownFileType = sourcecode.swift; path = "FontModel+Font.swift"; sourceTree = "<group>"; };
		B86A647326ECB74100EEBAAE /* InsetsModel+EdgeInsets.swift */ = {isa = PBXFileReference; fileEncoding = 4; lastKnownFileType = sourcecode.swift; path = "InsetsModel+EdgeInsets.swift"; sourceTree = "<group>"; };
		B86A647426ECB74100EEBAAE /* Text+FontModel.swift */ = {isa = PBXFileReference; fileEncoding = 4; lastKnownFileType = sourcecode.swift; path = "Text+FontModel.swift"; sourceTree = "<group>"; };
		B86A647E26ECB8BD00EEBAAE /* image.json */ = {isa = PBXFileReference; fileEncoding = 4; lastKnownFileType = text.json; path = image.json; sourceTree = "<group>"; };
		B86A647F26ECB8BD00EEBAAE /* button.json */ = {isa = PBXFileReference; fileEncoding = 4; lastKnownFileType = text.json; path = button.json; sourceTree = "<group>"; };
		B86A648026ECB8BD00EEBAAE /* listItem.json */ = {isa = PBXFileReference; fileEncoding = 4; lastKnownFileType = text.json; path = listItem.json; sourceTree = "<group>"; };
		B86A648126ECB8BD00EEBAAE /* text.json */ = {isa = PBXFileReference; fileEncoding = 4; lastKnownFileType = text.json; path = text.json; sourceTree = "<group>"; };
		B86A648226ECB8BD00EEBAAE /* bullets.json */ = {isa = PBXFileReference; fileEncoding = 4; lastKnownFileType = text.json; path = bullets.json; sourceTree = "<group>"; };
		B86A648326ECB8BD00EEBAAE /* divider.json */ = {isa = PBXFileReference; fileEncoding = 4; lastKnownFileType = text.json; path = divider.json; sourceTree = "<group>"; };
		B86A648426ECB8DB00EEBAAE /* Sample.swift */ = {isa = PBXFileReference; lastKnownFileType = sourcecode.swift; path = Sample.swift; sourceTree = "<group>"; };
		B86A648B26ECCD6600EEBAAE /* Page+View.swift */ = {isa = PBXFileReference; lastKnownFileType = sourcecode.swift; path = "Page+View.swift"; sourceTree = "<group>"; };
		B86A648D26ED0E4D00EEBAAE /* FusionView.swift */ = {isa = PBXFileReference; lastKnownFileType = sourcecode.swift; path = FusionView.swift; sourceTree = "<group>"; };
		B86A648F26ED0F5F00EEBAAE /* ModelView.swift */ = {isa = PBXFileReference; lastKnownFileType = sourcecode.swift; path = ModelView.swift; sourceTree = "<group>"; };
		B86A649126ED103D00EEBAAE /* ListItemView.swift */ = {isa = PBXFileReference; lastKnownFileType = sourcecode.swift; path = ListItemView.swift; sourceTree = "<group>"; };
		B86A649326ED13C100EEBAAE /* Actionable.swift */ = {isa = PBXFileReference; lastKnownFileType = sourcecode.swift; path = Actionable.swift; sourceTree = "<group>"; };
		B86A649626ED416B00EEBAAE /* EmailViewControllerRepresentable.swift */ = {isa = PBXFileReference; lastKnownFileType = sourcecode.swift; path = EmailViewControllerRepresentable.swift; sourceTree = "<group>"; };
		"Fusion::Fusion::Product" /* Fusion.framework */ = {isa = PBXFileReference; explicitFileType = wrapper.framework; path = Fusion.framework; sourceTree = BUILT_PRODUCTS_DIR; };
		"Fusion::FusionTests::Product" /* FusionTests.xctest */ = {isa = PBXFileReference; lastKnownFileType = file; path = FusionTests.xctest; sourceTree = BUILT_PRODUCTS_DIR; };
		"HTTPRequest::HTTPRequest::Product" /* HTTPRequest.framework */ = {isa = PBXFileReference; lastKnownFileType = wrapper.framework; path = HTTPRequest.framework; sourceTree = BUILT_PRODUCTS_DIR; };
		OBJ_116 /* ModelData.swift */ = {isa = PBXFileReference; lastKnownFileType = sourcecode.swift; path = ModelData.swift; sourceTree = "<group>"; };
		OBJ_117 /* ProjectFile.swift */ = {isa = PBXFileReference; lastKnownFileType = sourcecode.swift; path = ProjectFile.swift; sourceTree = "<group>"; };
		OBJ_125 /* Email.swift */ = {isa = PBXFileReference; lastKnownFileType = sourcecode.swift; path = Email.swift; sourceTree = "<group>"; };
		OBJ_126 /* EmailClient.swift */ = {isa = PBXFileReference; lastKnownFileType = sourcecode.swift; path = EmailClient.swift; sourceTree = "<group>"; };
		OBJ_127 /* EmailDelegate.swift */ = {isa = PBXFileReference; lastKnownFileType = sourcecode.swift; path = EmailDelegate.swift; sourceTree = "<group>"; };
		OBJ_128 /* UIViewController+Email.swift */ = {isa = PBXFileReference; lastKnownFileType = sourcecode.swift; path = "UIViewController+Email.swift"; sourceTree = "<group>"; };
		OBJ_131 /* SafariDelegate.swift */ = {isa = PBXFileReference; lastKnownFileType = sourcecode.swift; path = SafariDelegate.swift; sourceTree = "<group>"; };
		OBJ_134 /* BaseTableViewController.swift */ = {isa = PBXFileReference; lastKnownFileType = sourcecode.swift; path = BaseTableViewController.swift; sourceTree = "<group>"; };
		OBJ_135 /* BaseViewController.swift */ = {isa = PBXFileReference; lastKnownFileType = sourcecode.swift; path = BaseViewController.swift; sourceTree = "<group>"; };
		OBJ_136 /* PageViewController.swift */ = {isa = PBXFileReference; lastKnownFileType = sourcecode.swift; path = PageViewController.swift; sourceTree = "<group>"; };
		OBJ_178 /* FusionTests.swift */ = {isa = PBXFileReference; lastKnownFileType = sourcecode.swift; path = FusionTests.swift; sourceTree = "<group>"; };
		OBJ_179 /* UIColorExtensionsTests.swift */ = {isa = PBXFileReference; lastKnownFileType = sourcecode.swift; path = UIColorExtensionsTests.swift; sourceTree = "<group>"; };
		OBJ_180 /* XCTestManifests.swift */ = {isa = PBXFileReference; lastKnownFileType = sourcecode.swift; path = XCTestManifests.swift; sourceTree = "<group>"; };
		OBJ_183 /* Package.swift */ = {isa = PBXFileReference; explicitFileType = sourcecode.swift; name = Package.swift; path = /Users/benshutt/Desktop/3sc/iOS/Fusion/.build/checkouts/HTTPRequest/Package.swift; sourceTree = "<group>"; };
		OBJ_185 /* AFDataResponse+Model.swift */ = {isa = PBXFileReference; lastKnownFileType = sourcecode.swift; path = "AFDataResponse+Model.swift"; sourceTree = "<group>"; };
		OBJ_186 /* Array+URLQueryItem.swift */ = {isa = PBXFileReference; lastKnownFileType = sourcecode.swift; path = "Array+URLQueryItem.swift"; sourceTree = "<group>"; };
		OBJ_187 /* FileManager+Extensions.swift */ = {isa = PBXFileReference; lastKnownFileType = sourcecode.swift; path = "FileManager+Extensions.swift"; sourceTree = "<group>"; };
		OBJ_188 /* HTTPHeader+Headers.swift */ = {isa = PBXFileReference; lastKnownFileType = sourcecode.swift; path = "HTTPHeader+Headers.swift"; sourceTree = "<group>"; };
		OBJ_189 /* HierarchicalDateFormatter.swift */ = {isa = PBXFileReference; lastKnownFileType = sourcecode.swift; path = HierarchicalDateFormatter.swift; sourceTree = "<group>"; };
		OBJ_190 /* OSLog+Logger.swift */ = {isa = PBXFileReference; lastKnownFileType = sourcecode.swift; path = "OSLog+Logger.swift"; sourceTree = "<group>"; };
		OBJ_191 /* String+Data.swift */ = {isa = PBXFileReference; lastKnownFileType = sourcecode.swift; path = "String+Data.swift"; sourceTree = "<group>"; };
		OBJ_192 /* String+Extensions.swift */ = {isa = PBXFileReference; lastKnownFileType = sourcecode.swift; path = "String+Extensions.swift"; sourceTree = "<group>"; };
		OBJ_193 /* String+HTTP.swift */ = {isa = PBXFileReference; lastKnownFileType = sourcecode.swift; path = "String+HTTP.swift"; sourceTree = "<group>"; };
		OBJ_195 /* Configuration.swift */ = {isa = PBXFileReference; lastKnownFileType = sourcecode.swift; path = Configuration.swift; sourceTree = "<group>"; };
		OBJ_196 /* HTTPRequest+Build.swift */ = {isa = PBXFileReference; lastKnownFileType = sourcecode.swift; path = "HTTPRequest+Build.swift"; sourceTree = "<group>"; };
		OBJ_197 /* HTTPRequest.swift */ = {isa = PBXFileReference; lastKnownFileType = sourcecode.swift; path = HTTPRequest.swift; sourceTree = "<group>"; };
		OBJ_198 /* HTTPRequestable.swift */ = {isa = PBXFileReference; lastKnownFileType = sourcecode.swift; path = HTTPRequestable.swift; sourceTree = "<group>"; };
		OBJ_20 /* JSONDecoder+SnakeCase.swift */ = {isa = PBXFileReference; lastKnownFileType = sourcecode.swift; path = "JSONDecoder+SnakeCase.swift"; sourceTree = "<group>"; };
		OBJ_200 /* KeychainError.swift */ = {isa = PBXFileReference; lastKnownFileType = sourcecode.swift; path = KeychainError.swift; sourceTree = "<group>"; };
		OBJ_201 /* KeychainToken.swift */ = {isa = PBXFileReference; lastKnownFileType = sourcecode.swift; path = KeychainToken.swift; sourceTree = "<group>"; };
		OBJ_202 /* NotificationCenter+KeychainToken.swift */ = {isa = PBXFileReference; lastKnownFileType = sourcecode.swift; path = "NotificationCenter+KeychainToken.swift"; sourceTree = "<group>"; };
		OBJ_204 /* DateFormatter+ISO8601.swift */ = {isa = PBXFileReference; lastKnownFileType = sourcecode.swift; path = "DateFormatter+ISO8601.swift"; sourceTree = "<group>"; };
		OBJ_205 /* Decodable+JSON.swift */ = {isa = PBXFileReference; lastKnownFileType = sourcecode.swift; path = "Decodable+JSON.swift"; sourceTree = "<group>"; };
		OBJ_206 /* Encodable+JSON.swift */ = {isa = PBXFileReference; lastKnownFileType = sourcecode.swift; path = "Encodable+JSON.swift"; sourceTree = "<group>"; };
		OBJ_207 /* JSONDecoder+Default.swift */ = {isa = PBXFileReference; lastKnownFileType = sourcecode.swift; path = "JSONDecoder+Default.swift"; sourceTree = "<group>"; };
		OBJ_208 /* JSONEncoder+Default.swift */ = {isa = PBXFileReference; lastKnownFileType = sourcecode.swift; path = "JSONEncoder+Default.swift"; sourceTree = "<group>"; };
		OBJ_209 /* Model.swift */ = {isa = PBXFileReference; lastKnownFileType = sourcecode.swift; path = Model.swift; sourceTree = "<group>"; };
		OBJ_210 /* Result+Extensions.swift */ = {isa = PBXFileReference; lastKnownFileType = sourcecode.swift; path = "Result+Extensions.swift"; sourceTree = "<group>"; };
		OBJ_211 /* Result+Model.swift */ = {isa = PBXFileReference; lastKnownFileType = sourcecode.swift; path = "Result+Model.swift"; sourceTree = "<group>"; };
		OBJ_212 /* SnakeCaseModel.swift */ = {isa = PBXFileReference; lastKnownFileType = sourcecode.swift; path = SnakeCaseModel.swift; sourceTree = "<group>"; };
		OBJ_214 /* Session+URLRequest.swift */ = {isa = PBXFileReference; lastKnownFileType = sourcecode.swift; path = "Session+URLRequest.swift"; sourceTree = "<group>"; };
		OBJ_215 /* Session+URLRequestConvertible.swift */ = {isa = PBXFileReference; lastKnownFileType = sourcecode.swift; path = "Session+URLRequestConvertible.swift"; sourceTree = "<group>"; };
		OBJ_217 /* Package.swift */ = {isa = PBXFileReference; explicitFileType = sourcecode.swift; name = Package.swift; path = /Users/benshutt/Desktop/3sc/iOS/Fusion/.build/checkouts/Alamofire/Package.swift; sourceTree = "<group>"; };
		OBJ_218 /* AFError.swift */ = {isa = PBXFileReference; lastKnownFileType = sourcecode.swift; path = AFError.swift; sourceTree = "<group>"; };
		OBJ_219 /* Alamofire.swift */ = {isa = PBXFileReference; lastKnownFileType = sourcecode.swift; path = Alamofire.swift; sourceTree = "<group>"; };
		OBJ_22 /* OSLog+Logger.swift */ = {isa = PBXFileReference; lastKnownFileType = sourcecode.swift; path = "OSLog+Logger.swift"; sourceTree = "<group>"; };
		OBJ_220 /* AlamofireExtended.swift */ = {isa = PBXFileReference; lastKnownFileType = sourcecode.swift; path = AlamofireExtended.swift; sourceTree = "<group>"; };
		OBJ_221 /* AuthenticationInterceptor.swift */ = {isa = PBXFileReference; lastKnownFileType = sourcecode.swift; path = AuthenticationInterceptor.swift; sourceTree = "<group>"; };
		OBJ_222 /* CachedResponseHandler.swift */ = {isa = PBXFileReference; lastKnownFileType = sourcecode.swift; path = CachedResponseHandler.swift; sourceTree = "<group>"; };
		OBJ_223 /* Combine.swift */ = {isa = PBXFileReference; lastKnownFileType = sourcecode.swift; path = Combine.swift; sourceTree = "<group>"; };
		OBJ_224 /* DispatchQueue+Alamofire.swift */ = {isa = PBXFileReference; lastKnownFileType = sourcecode.swift; path = "DispatchQueue+Alamofire.swift"; sourceTree = "<group>"; };
		OBJ_225 /* EventMonitor.swift */ = {isa = PBXFileReference; lastKnownFileType = sourcecode.swift; path = EventMonitor.swift; sourceTree = "<group>"; };
		OBJ_226 /* HTTPHeaders.swift */ = {isa = PBXFileReference; lastKnownFileType = sourcecode.swift; path = HTTPHeaders.swift; sourceTree = "<group>"; };
		OBJ_227 /* HTTPMethod.swift */ = {isa = PBXFileReference; lastKnownFileType = sourcecode.swift; path = HTTPMethod.swift; sourceTree = "<group>"; };
		OBJ_228 /* MultipartFormData.swift */ = {isa = PBXFileReference; lastKnownFileType = sourcecode.swift; path = MultipartFormData.swift; sourceTree = "<group>"; };
		OBJ_229 /* MultipartUpload.swift */ = {isa = PBXFileReference; lastKnownFileType = sourcecode.swift; path = MultipartUpload.swift; sourceTree = "<group>"; };
		OBJ_230 /* NetworkReachabilityManager.swift */ = {isa = PBXFileReference; lastKnownFileType = sourcecode.swift; path = NetworkReachabilityManager.swift; sourceTree = "<group>"; };
		OBJ_231 /* Notifications.swift */ = {isa = PBXFileReference; lastKnownFileType = sourcecode.swift; path = Notifications.swift; sourceTree = "<group>"; };
		OBJ_232 /* OperationQueue+Alamofire.swift */ = {isa = PBXFileReference; lastKnownFileType = sourcecode.swift; path = "OperationQueue+Alamofire.swift"; sourceTree = "<group>"; };
		OBJ_233 /* ParameterEncoder.swift */ = {isa = PBXFileReference; lastKnownFileType = sourcecode.swift; path = ParameterEncoder.swift; sourceTree = "<group>"; };
		OBJ_234 /* ParameterEncoding.swift */ = {isa = PBXFileReference; lastKnownFileType = sourcecode.swift; path = ParameterEncoding.swift; sourceTree = "<group>"; };
		OBJ_235 /* Protected.swift */ = {isa = PBXFileReference; lastKnownFileType = sourcecode.swift; path = Protected.swift; sourceTree = "<group>"; };
		OBJ_236 /* RedirectHandler.swift */ = {isa = PBXFileReference; lastKnownFileType = sourcecode.swift; path = RedirectHandler.swift; sourceTree = "<group>"; };
		OBJ_237 /* Request.swift */ = {isa = PBXFileReference; lastKnownFileType = sourcecode.swift; path = Request.swift; sourceTree = "<group>"; };
		OBJ_238 /* RequestInterceptor.swift */ = {isa = PBXFileReference; lastKnownFileType = sourcecode.swift; path = RequestInterceptor.swift; sourceTree = "<group>"; };
		OBJ_239 /* RequestTaskMap.swift */ = {isa = PBXFileReference; lastKnownFileType = sourcecode.swift; path = RequestTaskMap.swift; sourceTree = "<group>"; };
		OBJ_24 /* Data+Codable.swift */ = {isa = PBXFileReference; lastKnownFileType = sourcecode.swift; path = "Data+Codable.swift"; sourceTree = "<group>"; };
		OBJ_240 /* Response.swift */ = {isa = PBXFileReference; lastKnownFileType = sourcecode.swift; path = Response.swift; sourceTree = "<group>"; };
		OBJ_241 /* ResponseSerialization.swift */ = {isa = PBXFileReference; lastKnownFileType = sourcecode.swift; path = ResponseSerialization.swift; sourceTree = "<group>"; };
		OBJ_242 /* Result+Alamofire.swift */ = {isa = PBXFileReference; lastKnownFileType = sourcecode.swift; path = "Result+Alamofire.swift"; sourceTree = "<group>"; };
		OBJ_243 /* RetryPolicy.swift */ = {isa = PBXFileReference; lastKnownFileType = sourcecode.swift; path = RetryPolicy.swift; sourceTree = "<group>"; };
		OBJ_244 /* ServerTrustEvaluation.swift */ = {isa = PBXFileReference; lastKnownFileType = sourcecode.swift; path = ServerTrustEvaluation.swift; sourceTree = "<group>"; };
		OBJ_245 /* Session.swift */ = {isa = PBXFileReference; lastKnownFileType = sourcecode.swift; path = Session.swift; sourceTree = "<group>"; };
		OBJ_246 /* SessionDelegate.swift */ = {isa = PBXFileReference; lastKnownFileType = sourcecode.swift; path = SessionDelegate.swift; sourceTree = "<group>"; };
		OBJ_247 /* StringEncoding+Alamofire.swift */ = {isa = PBXFileReference; lastKnownFileType = sourcecode.swift; path = "StringEncoding+Alamofire.swift"; sourceTree = "<group>"; };
		OBJ_248 /* URLConvertible+URLRequestConvertible.swift */ = {isa = PBXFileReference; lastKnownFileType = sourcecode.swift; path = "URLConvertible+URLRequestConvertible.swift"; sourceTree = "<group>"; };
		OBJ_249 /* URLEncodedFormEncoder.swift */ = {isa = PBXFileReference; lastKnownFileType = sourcecode.swift; path = URLEncodedFormEncoder.swift; sourceTree = "<group>"; };
		OBJ_250 /* URLRequest+Alamofire.swift */ = {isa = PBXFileReference; lastKnownFileType = sourcecode.swift; path = "URLRequest+Alamofire.swift"; sourceTree = "<group>"; };
		OBJ_251 /* URLSessionConfiguration+Alamofire.swift */ = {isa = PBXFileReference; lastKnownFileType = sourcecode.swift; path = "URLSessionConfiguration+Alamofire.swift"; sourceTree = "<group>"; };
		OBJ_252 /* Validation.swift */ = {isa = PBXFileReference; lastKnownFileType = sourcecode.swift; path = Validation.swift; sourceTree = "<group>"; };
		OBJ_255 /* SwiftyJSON.swift */ = {isa = PBXFileReference; lastKnownFileType = sourcecode.swift; path = SwiftyJSON.swift; sourceTree = "<group>"; };
		OBJ_256 /* Package.swift */ = {isa = PBXFileReference; explicitFileType = sourcecode.swift; name = Package.swift; path = /Users/benshutt/Desktop/3sc/iOS/Fusion/.build/checkouts/SwiftyJSON/Package.swift; sourceTree = "<group>"; };
		OBJ_263 /* Example */ = {isa = PBXFileReference; lastKnownFileType = folder; path = Example; sourceTree = SOURCE_ROOT; };
		OBJ_264 /* Carthage */ = {isa = PBXFileReference; lastKnownFileType = folder; path = Carthage; sourceTree = SOURCE_ROOT; };
		OBJ_265 /* scripts */ = {isa = PBXFileReference; lastKnownFileType = folder; path = scripts; sourceTree = SOURCE_ROOT; };
		OBJ_266 /* Cartfile.resolved */ = {isa = PBXFileReference; lastKnownFileType = text; path = Cartfile.resolved; sourceTree = "<group>"; };
		OBJ_267 /* Cartfile */ = {isa = PBXFileReference; lastKnownFileType = text; path = Cartfile; sourceTree = "<group>"; };
		OBJ_268 /* README.md */ = {isa = PBXFileReference; lastKnownFileType = net.daringfireball.markdown; path = README.md; sourceTree = "<group>"; };
		OBJ_33 /* UINavigationController+ActionHandler.swift */ = {isa = PBXFileReference; lastKnownFileType = sourcecode.swift; path = "UINavigationController+ActionHandler.swift"; sourceTree = "<group>"; };
		OBJ_34 /* UINavigationController+Extensions.swift */ = {isa = PBXFileReference; lastKnownFileType = sourcecode.swift; path = "UINavigationController+Extensions.swift"; sourceTree = "<group>"; };
		OBJ_35 /* UINavigationController+Page.swift */ = {isa = PBXFileReference; lastKnownFileType = sourcecode.swift; path = "UINavigationController+Page.swift"; sourceTree = "<group>"; };
		OBJ_40 /* URL+URLComponents.swift */ = {isa = PBXFileReference; lastKnownFileType = sourcecode.swift; path = "URL+URLComponents.swift"; sourceTree = "<group>"; };
		OBJ_41 /* Fusion.swift */ = {isa = PBXFileReference; lastKnownFileType = sourcecode.swift; path = Fusion.swift; sourceTree = "<group>"; };
		OBJ_43 /* APIEnum.swift */ = {isa = PBXFileReference; lastKnownFileType = sourcecode.swift; path = APIEnum.swift; sourceTree = "<group>"; };
		OBJ_44 /* APIModel.swift */ = {isa = PBXFileReference; lastKnownFileType = sourcecode.swift; path = APIModel.swift; sourceTree = "<group>"; };
		OBJ_46 /* BorderModel.swift */ = {isa = PBXFileReference; lastKnownFileType = sourcecode.swift; path = BorderModel.swift; sourceTree = "<group>"; };
		OBJ_47 /* EntryModel.swift */ = {isa = PBXFileReference; lastKnownFileType = sourcecode.swift; path = EntryModel.swift; sourceTree = "<group>"; };
		OBJ_48 /* FontModel.swift */ = {isa = PBXFileReference; lastKnownFileType = sourcecode.swift; path = FontModel.swift; sourceTree = "<group>"; };
		OBJ_49 /* InsetsModel.swift */ = {isa = PBXFileReference; lastKnownFileType = sourcecode.swift; path = InsetsModel.swift; sourceTree = "<group>"; };
		OBJ_51 /* ShadowModel.swift */ = {isa = PBXFileReference; lastKnownFileType = sourcecode.swift; path = ShadowModel.swift; sourceTree = "<group>"; };
		OBJ_52 /* SizeModel.swift */ = {isa = PBXFileReference; lastKnownFileType = sourcecode.swift; path = SizeModel.swift; sourceTree = "<group>"; };
		OBJ_53 /* TextAlignmentModel.swift */ = {isa = PBXFileReference; lastKnownFileType = sourcecode.swift; path = TextAlignmentModel.swift; sourceTree = "<group>"; };
		OBJ_56 /* Action.swift */ = {isa = PBXFileReference; lastKnownFileType = sourcecode.swift; path = Action.swift; sourceTree = "<group>"; };
		OBJ_57 /* EmailAction.swift */ = {isa = PBXFileReference; lastKnownFileType = sourcecode.swift; path = EmailAction.swift; sourceTree = "<group>"; };
		OBJ_58 /* LinkAction.swift */ = {isa = PBXFileReference; lastKnownFileType = sourcecode.swift; path = LinkAction.swift; sourceTree = "<group>"; };
		OBJ_59 /* NativeAction.swift */ = {isa = PBXFileReference; lastKnownFileType = sourcecode.swift; path = NativeAction.swift; sourceTree = "<group>"; };
		OBJ_6 /* Package.swift */ = {isa = PBXFileReference; explicitFileType = sourcecode.swift; path = Package.swift; sourceTree = "<group>"; };
		OBJ_60 /* PageAction.swift */ = {isa = PBXFileReference; lastKnownFileType = sourcecode.swift; path = PageAction.swift; sourceTree = "<group>"; };
		OBJ_61 /* BulletModel.swift */ = {isa = PBXFileReference; lastKnownFileType = sourcecode.swift; path = BulletModel.swift; sourceTree = "<group>"; };
		OBJ_62 /* BulletGroupModel.swift */ = {isa = PBXFileReference; lastKnownFileType = sourcecode.swift; path = BulletGroupModel.swift; sourceTree = "<group>"; };
		OBJ_63 /* ButtonModel.swift */ = {isa = PBXFileReference; lastKnownFileType = sourcecode.swift; path = ButtonModel.swift; sourceTree = "<group>"; };
		OBJ_64 /* DividerModel.swift */ = {isa = PBXFileReference; lastKnownFileType = sourcecode.swift; path = DividerModel.swift; sourceTree = "<group>"; };
		OBJ_65 /* ImageModel.swift */ = {isa = PBXFileReference; lastKnownFileType = sourcecode.swift; path = ImageModel.swift; sourceTree = "<group>"; };
		OBJ_66 /* JSONModel.swift */ = {isa = PBXFileReference; lastKnownFileType = sourcecode.swift; path = JSONModel.swift; sourceTree = "<group>"; };
		OBJ_67 /* ListItemModel.swift */ = {isa = PBXFileReference; lastKnownFileType = sourcecode.swift; path = ListItemModel.swift; sourceTree = "<group>"; };
		OBJ_68 /* TextModel.swift */ = {isa = PBXFileReference; lastKnownFileType = sourcecode.swift; path = TextModel.swift; sourceTree = "<group>"; };
		OBJ_69 /* Page.swift */ = {isa = PBXFileReference; lastKnownFileType = sourcecode.swift; path = Page.swift; sourceTree = "<group>"; };
		OBJ_70 /* ModelState.swift */ = {isa = PBXFileReference; lastKnownFileType = sourcecode.swift; path = ModelState.swift; sourceTree = "<group>"; };
		OBJ_71 /* Screen.swift */ = {isa = PBXFileReference; lastKnownFileType = sourcecode.swift; path = Screen.swift; sourceTree = "<group>"; };
		OBJ_74 /* ActionHandler.swift */ = {isa = PBXFileReference; lastKnownFileType = sourcecode.swift; path = ActionHandler.swift; sourceTree = "<group>"; };
		OBJ_88 /* TextEntity.swift */ = {isa = PBXFileReference; lastKnownFileType = sourcecode.swift; path = TextEntity.swift; sourceTree = "<group>"; };
		OBJ_89 /* ViewModel.swift */ = {isa = PBXFileReference; lastKnownFileType = sourcecode.swift; path = ViewModel.swift; sourceTree = "<group>"; };
		"SwiftyJSON::SwiftyJSON::Product" /* SwiftyJSON.framework */ = {isa = PBXFileReference; lastKnownFileType = wrapper.framework; path = SwiftyJSON.framework; sourceTree = BUILT_PRODUCTS_DIR; };
/* End PBXFileReference section */

/* Begin PBXFrameworksBuildPhase section */
		OBJ_309 /* Frameworks */ = {
			isa = PBXFrameworksBuildPhase;
			buildActionMask = 0;
			files = (
			);
			runOnlyForDeploymentPostprocessing = 0;
		};
		OBJ_457 /* Frameworks */ = {
			isa = PBXFrameworksBuildPhase;
			buildActionMask = 0;
			files = (
				B84DE83D2729E78D00A017C9 /* Kingfisher.xcframework in Frameworks */,
				B84DE8392729E78D00A017C9 /* Alamofire.xcframework in Frameworks */,
				B84DE83B2729E78D00A017C9 /* SwiftyJSON.xcframework in Frameworks */,
			);
			runOnlyForDeploymentPostprocessing = 0;
		};
		OBJ_485 /* Frameworks */ = {
			isa = PBXFrameworksBuildPhase;
			buildActionMask = 0;
			files = (
				OBJ_486 /* Fusion.framework in Frameworks */,
				OBJ_487 /* HTTPRequest.framework in Frameworks */,
				OBJ_488 /* Alamofire.framework in Frameworks */,
				OBJ_489 /* SwiftyJSON.framework in Frameworks */,
			);
			runOnlyForDeploymentPostprocessing = 0;
		};
		OBJ_525 /* Frameworks */ = {
			isa = PBXFrameworksBuildPhase;
			buildActionMask = 0;
			files = (
				OBJ_526 /* Alamofire.framework in Frameworks */,
			);
			runOnlyForDeploymentPostprocessing = 0;
		};
		OBJ_539 /* Frameworks */ = {
			isa = PBXFrameworksBuildPhase;
			buildActionMask = 0;
			files = (
			);
			runOnlyForDeploymentPostprocessing = 0;
		};
/* End PBXFrameworksBuildPhase section */

/* Begin PBXGroup section */
		B86A643626EC822B00EEBAAE /* Frameworks */ = {
			isa = PBXGroup;
			children = (
				B86A643F26EC823E00EEBAAE /* Alamofire.xcframework */,
				B86A644026EC823E00EEBAAE /* HTTPRequest.xcframework */,
				B86A643E26EC823E00EEBAAE /* SwiftyJSON.xcframework */,
				B86A643726EC822B00EEBAAE /* Kingfisher.xcframework */,
				B86A643826EC822B00EEBAAE /* ThunderTable.xcframework */,
			);
			name = Frameworks;
			sourceTree = "<group>";
		};
		B86A644C26ECAEF700EEBAAE /* Page */ = {
			isa = PBXGroup;
			children = (
				OBJ_69 /* Page.swift */,
				OBJ_71 /* Screen.swift */,
			);
			path = Page;
			sourceTree = "<group>";
		};
		B86A644D26ECAFB800EEBAAE /* Protocol */ = {
			isa = PBXGroup;
			children = (
				OBJ_74 /* ActionHandler.swift */,
				OBJ_56 /* Action.swift */,
				B86A648D26ED0E4D00EEBAAE /* FusionView.swift */,
				OBJ_66 /* JSONModel.swift */,
				OBJ_88 /* TextEntity.swift */,
				OBJ_89 /* ViewModel.swift */,
				B86A649326ED13C100EEBAAE /* Actionable.swift */,
			);
			path = Protocol;
			sourceTree = "<group>";
		};
		B86A645026ECB5E700EEBAAE /* FusionViews */ = {
			isa = PBXGroup;
			children = (
				B86A645326ECB60E00EEBAAE /* BulletModel+ListItemView.swift */,
				B86A645626ECB60F00EEBAAE /* ListItemModel+ListItemView.swift */,
				B86A645526ECB60F00EEBAAE /* ButtonModel+FusionView.swift */,
				B86A645826ECB60F00EEBAAE /* DividerModel+FusionView.swift */,
				B86A645426ECB60E00EEBAAE /* ImageModel+FusionView.swift */,
				B86A645726ECB60F00EEBAAE /* TextEntity+FusionView.swift */,
				B86A648B26ECCD6600EEBAAE /* Page+View.swift */,
				B86A648F26ED0F5F00EEBAAE /* ModelView.swift */,
				B86A649126ED103D00EEBAAE /* ListItemView.swift */,
			);
			path = FusionViews;
			sourceTree = "<group>";
		};
		B86A646126ECB68F00EEBAAE /* SwiftUI */ = {
			isa = PBXGroup;
			children = (
				B86A646226ECB69C00EEBAAE /* Color+Extensions.swift */,
				B86A646326ECB69C00EEBAAE /* Color+RGBA.swift */,
				B86A646426ECB69C00EEBAAE /* EdgeInsets+Extensions.swift */,
			);
			path = SwiftUI;
			sourceTree = "<group>";
		};
		B86A646A26ECB6E700EEBAAE /* Other */ = {
			isa = PBXGroup;
			children = (
				OBJ_43 /* APIEnum.swift */,
				OBJ_44 /* APIModel.swift */,
				OBJ_70 /* ModelState.swift */,
				B86A644826EC848900EEBAAE /* ModelSource.swift */,
				B86A644A26ECAEAC00EEBAAE /* Units.swift */,
				B86A644E26ECB01500EEBAAE /* SketchShadow.swift */,
				B86A646826ECB6DD00EEBAAE /* LineHeight.swift */,
			);
			path = Other;
			sourceTree = "<group>";
		};
		B86A646C26ECB73300EEBAAE /* ViewModels */ = {
			isa = PBXGroup;
			children = (
				B86A645026ECB5E700EEBAAE /* FusionViews */,
				B86A647226ECB74100EEBAAE /* FontModel+Font.swift */,
				B86A646E26ECB74100EEBAAE /* FontModel+LegacyFont.swift */,
				B86A647026ECB74100EEBAAE /* LineHeight+ViewModifier.swift */,
				B86A647326ECB74100EEBAAE /* InsetsModel+EdgeInsets.swift */,
				B86A647426ECB74100EEBAAE /* Text+FontModel.swift */,
				B86A646F26ECB74100EEBAAE /* TextAlignmentModel+TextAlignment.swift */,
				B86A647126ECB74100EEBAAE /* SketchShadow+ViewModifier.swift */,
				B86A646D26ECB74100EEBAAE /* View+ViewModel.swift */,
			);
			path = ViewModels;
			sourceTree = "<group>";
		};
		B86A649526ED3FAD00EEBAAE /* JSON */ = {
			isa = PBXGroup;
			children = (
				B86A648226ECB8BD00EEBAAE /* bullets.json */,
				B86A647F26ECB8BD00EEBAAE /* button.json */,
				B86A648326ECB8BD00EEBAAE /* divider.json */,
				B86A647E26ECB8BD00EEBAAE /* image.json */,
				B86A648026ECB8BD00EEBAAE /* listItem.json */,
				B86A648126ECB8BD00EEBAAE /* text.json */,
			);
			path = JSON;
			sourceTree = "<group>";
		};
		OBJ_115 /* Sample */ = {
			isa = PBXGroup;
			children = (
				B86A649526ED3FAD00EEBAAE /* JSON */,
				OBJ_116 /* ModelData.swift */,
				OBJ_117 /* ProjectFile.swift */,
				B86A648426ECB8DB00EEBAAE /* Sample.swift */,
			);
			path = Sample;
			sourceTree = "<group>";
		};
		OBJ_118 /* Utilities */ = {
			isa = PBXGroup;
			children = (
				OBJ_124 /* Email */,
				OBJ_131 /* SafariDelegate.swift */,
			);
			path = Utilities;
			sourceTree = "<group>";
		};
		OBJ_124 /* Email */ = {
			isa = PBXGroup;
			children = (
				OBJ_125 /* Email.swift */,
				OBJ_126 /* EmailClient.swift */,
				OBJ_127 /* EmailDelegate.swift */,
				OBJ_128 /* UIViewController+Email.swift */,
				B86A649626ED416B00EEBAAE /* EmailViewControllerRepresentable.swift */,
			);
			path = Email;
			sourceTree = "<group>";
		};
		OBJ_133 /* ViewControllers */ = {
			isa = PBXGroup;
			children = (
				OBJ_134 /* BaseTableViewController.swift */,
				OBJ_135 /* BaseViewController.swift */,
				OBJ_136 /* PageViewController.swift */,
			);
			path = ViewControllers;
			sourceTree = "<group>";
		};
		OBJ_176 /* Tests */ = {
			isa = PBXGroup;
			children = (
				OBJ_177 /* FusionTests */,
			);
			name = Tests;
			sourceTree = SOURCE_ROOT;
		};
		OBJ_177 /* FusionTests */ = {
			isa = PBXGroup;
			children = (
				OBJ_178 /* FusionTests.swift */,
				OBJ_179 /* UIColorExtensionsTests.swift */,
				OBJ_180 /* XCTestManifests.swift */,
			);
			name = FusionTests;
			path = Tests/FusionTests;
			sourceTree = SOURCE_ROOT;
		};
		OBJ_18 /* Extensions */ = {
			isa = PBXGroup;
			children = (
				B86A645F26ECB66400EEBAAE /* Defaults.swift */,
				B86A646126ECB68F00EEBAAE /* SwiftUI */,
				OBJ_20 /* JSONDecoder+SnakeCase.swift */,
				OBJ_22 /* OSLog+Logger.swift */,
				OBJ_24 /* Data+Codable.swift */,
				OBJ_26 /* UIKit */,
				OBJ_40 /* URL+URLComponents.swift */,
			);
			path = Extensions;
			sourceTree = "<group>";
		};
		OBJ_181 /* Dependencies */ = {
			isa = PBXGroup;
			children = (
				OBJ_182 /* HTTPRequest 1.0.0 */,
				OBJ_216 /* Alamofire 5.4.1 */,
				OBJ_253 /* SwiftyJSON 4.3.0 */,
			);
			name = Dependencies;
			sourceTree = "<group>";
		};
		OBJ_182 /* HTTPRequest 1.0.0 */ = {
			isa = PBXGroup;
			children = (
				OBJ_183 /* Package.swift */,
				OBJ_184 /* Extensions */,
				OBJ_194 /* HTTPRequest */,
				OBJ_199 /* Keychain */,
				OBJ_203 /* Model */,
				OBJ_213 /* Session */,
			);
			name = "HTTPRequest 1.0.0";
			path = .build/checkouts/HTTPRequest/Sources;
			sourceTree = SOURCE_ROOT;
		};
		OBJ_184 /* Extensions */ = {
			isa = PBXGroup;
			children = (
				OBJ_185 /* AFDataResponse+Model.swift */,
				OBJ_186 /* Array+URLQueryItem.swift */,
				OBJ_187 /* FileManager+Extensions.swift */,
				OBJ_188 /* HTTPHeader+Headers.swift */,
				OBJ_189 /* HierarchicalDateFormatter.swift */,
				OBJ_190 /* OSLog+Logger.swift */,
				OBJ_191 /* String+Data.swift */,
				OBJ_192 /* String+Extensions.swift */,
				OBJ_193 /* String+HTTP.swift */,
			);
			path = Extensions;
			sourceTree = "<group>";
		};
		OBJ_194 /* HTTPRequest */ = {
			isa = PBXGroup;
			children = (
				OBJ_195 /* Configuration.swift */,
				OBJ_196 /* HTTPRequest+Build.swift */,
				OBJ_197 /* HTTPRequest.swift */,
				OBJ_198 /* HTTPRequestable.swift */,
			);
			path = HTTPRequest;
			sourceTree = "<group>";
		};
		OBJ_199 /* Keychain */ = {
			isa = PBXGroup;
			children = (
				OBJ_200 /* KeychainError.swift */,
				OBJ_201 /* KeychainToken.swift */,
				OBJ_202 /* NotificationCenter+KeychainToken.swift */,
			);
			path = Keychain;
			sourceTree = "<group>";
		};
		OBJ_203 /* Model */ = {
			isa = PBXGroup;
			children = (
				OBJ_204 /* DateFormatter+ISO8601.swift */,
				OBJ_205 /* Decodable+JSON.swift */,
				OBJ_206 /* Encodable+JSON.swift */,
				OBJ_207 /* JSONDecoder+Default.swift */,
				OBJ_208 /* JSONEncoder+Default.swift */,
				OBJ_209 /* Model.swift */,
				OBJ_210 /* Result+Extensions.swift */,
				OBJ_211 /* Result+Model.swift */,
				OBJ_212 /* SnakeCaseModel.swift */,
			);
			path = Model;
			sourceTree = "<group>";
		};
		OBJ_213 /* Session */ = {
			isa = PBXGroup;
			children = (
				OBJ_214 /* Session+URLRequest.swift */,
				OBJ_215 /* Session+URLRequestConvertible.swift */,
			);
			path = Session;
			sourceTree = "<group>";
		};
		OBJ_216 /* Alamofire 5.4.1 */ = {
			isa = PBXGroup;
			children = (
				OBJ_217 /* Package.swift */,
				OBJ_218 /* AFError.swift */,
				OBJ_219 /* Alamofire.swift */,
				OBJ_220 /* AlamofireExtended.swift */,
				OBJ_221 /* AuthenticationInterceptor.swift */,
				OBJ_222 /* CachedResponseHandler.swift */,
				OBJ_223 /* Combine.swift */,
				OBJ_224 /* DispatchQueue+Alamofire.swift */,
				OBJ_225 /* EventMonitor.swift */,
				OBJ_226 /* HTTPHeaders.swift */,
				OBJ_227 /* HTTPMethod.swift */,
				OBJ_228 /* MultipartFormData.swift */,
				OBJ_229 /* MultipartUpload.swift */,
				OBJ_230 /* NetworkReachabilityManager.swift */,
				OBJ_231 /* Notifications.swift */,
				OBJ_232 /* OperationQueue+Alamofire.swift */,
				OBJ_233 /* ParameterEncoder.swift */,
				OBJ_234 /* ParameterEncoding.swift */,
				OBJ_235 /* Protected.swift */,
				OBJ_236 /* RedirectHandler.swift */,
				OBJ_237 /* Request.swift */,
				OBJ_238 /* RequestInterceptor.swift */,
				OBJ_239 /* RequestTaskMap.swift */,
				OBJ_240 /* Response.swift */,
				OBJ_241 /* ResponseSerialization.swift */,
				OBJ_242 /* Result+Alamofire.swift */,
				OBJ_243 /* RetryPolicy.swift */,
				OBJ_244 /* ServerTrustEvaluation.swift */,
				OBJ_245 /* Session.swift */,
				OBJ_246 /* SessionDelegate.swift */,
				OBJ_247 /* StringEncoding+Alamofire.swift */,
				OBJ_248 /* URLConvertible+URLRequestConvertible.swift */,
				OBJ_249 /* URLEncodedFormEncoder.swift */,
				OBJ_250 /* URLRequest+Alamofire.swift */,
				OBJ_251 /* URLSessionConfiguration+Alamofire.swift */,
				OBJ_252 /* Validation.swift */,
			);
			name = "Alamofire 5.4.1";
			path = .build/checkouts/Alamofire/Source;
			sourceTree = SOURCE_ROOT;
		};
		OBJ_253 /* SwiftyJSON 4.3.0 */ = {
			isa = PBXGroup;
			children = (
				OBJ_254 /* SwiftyJSON */,
				OBJ_256 /* Package.swift */,
			);
			name = "SwiftyJSON 4.3.0";
			sourceTree = SOURCE_ROOT;
		};
		OBJ_254 /* SwiftyJSON */ = {
			isa = PBXGroup;
			children = (
				OBJ_255 /* SwiftyJSON.swift */,
			);
			name = SwiftyJSON;
			path = .build/checkouts/SwiftyJSON/Source/SwiftyJSON;
			sourceTree = SOURCE_ROOT;
		};
		OBJ_257 /* Products */ = {
			isa = PBXGroup;
			children = (
				"Alamofire::Alamofire::Product" /* Alamofire.framework */,
				"Fusion::Fusion::Product" /* Fusion.framework */,
				"Fusion::FusionTests::Product" /* FusionTests.xctest */,
				"HTTPRequest::HTTPRequest::Product" /* HTTPRequest.framework */,
				"SwiftyJSON::SwiftyJSON::Product" /* SwiftyJSON.framework */,
			);
			name = Products;
			sourceTree = BUILT_PRODUCTS_DIR;
		};
		OBJ_26 /* UIKit */ = {
			isa = PBXGroup;
			children = (
				OBJ_33 /* UINavigationController+ActionHandler.swift */,
				OBJ_34 /* UINavigationController+Extensions.swift */,
				OBJ_35 /* UINavigationController+Page.swift */,
			);
			path = UIKit;
			sourceTree = "<group>";
		};
		OBJ_42 /* Models */ = {
			isa = PBXGroup;
			children = (
				B86A646A26ECB6E700EEBAAE /* Other */,
				B86A644D26ECAFB800EEBAAE /* Protocol */,
				B86A644C26ECAEF700EEBAAE /* Page */,
				OBJ_45 /* Components */,
				OBJ_54 /* JSONModels */,
			);
			path = Models;
			sourceTree = "<group>";
		};
		OBJ_45 /* Components */ = {
			isa = PBXGroup;
			children = (
				OBJ_46 /* BorderModel.swift */,
				OBJ_47 /* EntryModel.swift */,
				OBJ_48 /* FontModel.swift */,
				OBJ_49 /* InsetsModel.swift */,
				OBJ_51 /* ShadowModel.swift */,
				OBJ_52 /* SizeModel.swift */,
				OBJ_53 /* TextAlignmentModel.swift */,
			);
			path = Components;
			sourceTree = "<group>";
		};
		OBJ_5 = {
			isa = PBXGroup;
			children = (
				OBJ_6 /* Package.swift */,
				OBJ_7 /* Sources */,
				OBJ_176 /* Tests */,
				OBJ_181 /* Dependencies */,
				OBJ_257 /* Products */,
				OBJ_263 /* Example */,
				OBJ_264 /* Carthage */,
				OBJ_265 /* scripts */,
				OBJ_266 /* Cartfile.resolved */,
				OBJ_267 /* Cartfile */,
				OBJ_268 /* README.md */,
				B86A643626EC822B00EEBAAE /* Frameworks */,
			);
			sourceTree = "<group>";
		};
		OBJ_54 /* JSONModels */ = {
			isa = PBXGroup;
			children = (
				OBJ_55 /* Actions */,
				OBJ_61 /* BulletModel.swift */,
				OBJ_62 /* BulletGroupModel.swift */,
				OBJ_63 /* ButtonModel.swift */,
				OBJ_64 /* DividerModel.swift */,
				OBJ_65 /* ImageModel.swift */,
				OBJ_67 /* ListItemModel.swift */,
				OBJ_68 /* TextModel.swift */,
			);
			path = JSONModels;
			sourceTree = "<group>";
		};
		OBJ_55 /* Actions */ = {
			isa = PBXGroup;
			children = (
				OBJ_57 /* EmailAction.swift */,
				OBJ_58 /* LinkAction.swift */,
				OBJ_59 /* NativeAction.swift */,
				OBJ_60 /* PageAction.swift */,
			);
			path = Actions;
			sourceTree = "<group>";
		};
		OBJ_7 /* Sources */ = {
			isa = PBXGroup;
			children = (
				B86A646C26ECB73300EEBAAE /* ViewModels */,
				OBJ_18 /* Extensions */,
				OBJ_41 /* Fusion.swift */,
				OBJ_42 /* Models */,
				OBJ_115 /* Sample */,
				OBJ_118 /* Utilities */,
				OBJ_133 /* ViewControllers */,
			);
			path = Sources;
			sourceTree = SOURCE_ROOT;
		};
/* End PBXGroup section */

/* Begin PBXNativeTarget section */
		"Alamofire::Alamofire" /* Alamofire */ = {
			isa = PBXNativeTarget;
			buildConfigurationList = OBJ_270 /* Build configuration list for PBXNativeTarget "Alamofire" */;
			buildPhases = (
				OBJ_273 /* Sources */,
				OBJ_309 /* Frameworks */,
			);
			buildRules = (
			);
			dependencies = (
			);
			name = Alamofire;
			productName = Alamofire;
			productReference = "Alamofire::Alamofire::Product" /* Alamofire.framework */;
			productType = "com.apple.product-type.framework";
		};
		"Alamofire::SwiftPMPackageDescription" /* AlamofirePackageDescription */ = {
			isa = PBXNativeTarget;
			buildConfigurationList = OBJ_311 /* Build configuration list for PBXNativeTarget "AlamofirePackageDescription" */;
			buildPhases = (
				OBJ_314 /* Sources */,
			);
			buildRules = (
			);
			dependencies = (
			);
			name = AlamofirePackageDescription;
			productName = AlamofirePackageDescription;
			productType = "com.apple.product-type.framework";
		};
		"Fusion::Fusion" /* Fusion */ = {
			isa = PBXNativeTarget;
			buildConfigurationList = OBJ_317 /* Build configuration list for PBXNativeTarget "Fusion" */;
			buildPhases = (
				OBJ_320 /* Sources */,
				OBJ_457 /* Frameworks */,
			);
			buildRules = (
			);
			dependencies = (
			);
			name = Fusion;
			productName = Fusion;
			productReference = "Fusion::Fusion::Product" /* Fusion.framework */;
			productType = "com.apple.product-type.framework";
		};
		"Fusion::FusionTests" /* FusionTests */ = {
			isa = PBXNativeTarget;
			buildConfigurationList = OBJ_478 /* Build configuration list for PBXNativeTarget "FusionTests" */;
			buildPhases = (
				OBJ_481 /* Sources */,
				OBJ_485 /* Frameworks */,
			);
			buildRules = (
			);
			dependencies = (
				OBJ_490 /* PBXTargetDependency */,
				OBJ_491 /* PBXTargetDependency */,
				OBJ_492 /* PBXTargetDependency */,
				OBJ_493 /* PBXTargetDependency */,
			);
			name = FusionTests;
			productName = FusionTests;
			productReference = "Fusion::FusionTests::Product" /* FusionTests.xctest */;
			productType = "com.apple.product-type.bundle.unit-test";
		};
		"Fusion::SwiftPMPackageDescription" /* FusionPackageDescription */ = {
			isa = PBXNativeTarget;
			buildConfigurationList = OBJ_467 /* Build configuration list for PBXNativeTarget "FusionPackageDescription" */;
			buildPhases = (
				OBJ_470 /* Sources */,
			);
			buildRules = (
			);
			dependencies = (
			);
			name = FusionPackageDescription;
			productName = FusionPackageDescription;
			productType = "com.apple.product-type.framework";
		};
		"HTTPRequest::HTTPRequest" /* HTTPRequest */ = {
			isa = PBXNativeTarget;
			buildConfigurationList = OBJ_494 /* Build configuration list for PBXNativeTarget "HTTPRequest" */;
			buildPhases = (
				OBJ_497 /* Sources */,
				OBJ_525 /* Frameworks */,
			);
			buildRules = (
			);
			dependencies = (
				OBJ_527 /* PBXTargetDependency */,
			);
			name = HTTPRequest;
			productName = HTTPRequest;
			productReference = "HTTPRequest::HTTPRequest::Product" /* HTTPRequest.framework */;
			productType = "com.apple.product-type.framework";
		};
		"HTTPRequest::SwiftPMPackageDescription" /* HTTPRequestPackageDescription */ = {
			isa = PBXNativeTarget;
			buildConfigurationList = OBJ_529 /* Build configuration list for PBXNativeTarget "HTTPRequestPackageDescription" */;
			buildPhases = (
				OBJ_532 /* Sources */,
			);
			buildRules = (
			);
			dependencies = (
			);
			name = HTTPRequestPackageDescription;
			productName = HTTPRequestPackageDescription;
			productType = "com.apple.product-type.framework";
		};
		"SwiftyJSON::SwiftPMPackageDescription" /* SwiftyJSONPackageDescription */ = {
			isa = PBXNativeTarget;
			buildConfigurationList = OBJ_541 /* Build configuration list for PBXNativeTarget "SwiftyJSONPackageDescription" */;
			buildPhases = (
				OBJ_544 /* Sources */,
			);
			buildRules = (
			);
			dependencies = (
			);
			name = SwiftyJSONPackageDescription;
			productName = SwiftyJSONPackageDescription;
			productType = "com.apple.product-type.framework";
		};
		"SwiftyJSON::SwiftyJSON" /* SwiftyJSON */ = {
			isa = PBXNativeTarget;
			buildConfigurationList = OBJ_534 /* Build configuration list for PBXNativeTarget "SwiftyJSON" */;
			buildPhases = (
				OBJ_537 /* Sources */,
				OBJ_539 /* Frameworks */,
			);
			buildRules = (
			);
			dependencies = (
			);
			name = SwiftyJSON;
			productName = SwiftyJSON;
			productReference = "SwiftyJSON::SwiftyJSON::Product" /* SwiftyJSON.framework */;
			productType = "com.apple.product-type.framework";
		};
/* End PBXNativeTarget section */

/* Begin PBXProject section */
		OBJ_1 /* Project object */ = {
			isa = PBXProject;
			attributes = {
				LastSwiftMigration = 9999;
				LastUpgradeCheck = 9999;
				ORGANIZATIONNAME = "3 SIDED CUBE APP PRODUCTIONS LTD";
			};
			buildConfigurationList = OBJ_2 /* Build configuration list for PBXProject "Fusion" */;
			compatibilityVersion = "Xcode 3.2";
			developmentRegion = en;
			hasScannedForEncodings = 0;
			knownRegions = (
				en,
			);
			mainGroup = OBJ_5;
			productRefGroup = OBJ_257 /* Products */;
			projectDirPath = "";
			projectRoot = "";
			targets = (
				"Alamofire::Alamofire" /* Alamofire */,
				"Alamofire::SwiftPMPackageDescription" /* AlamofirePackageDescription */,
				"Fusion::Fusion" /* Fusion */,
				"Fusion::SwiftPMPackageDescription" /* FusionPackageDescription */,
				"Fusion::FusionPackageTests::ProductTarget" /* FusionPackageTests */,
				"Fusion::FusionTests" /* FusionTests */,
				"HTTPRequest::HTTPRequest" /* HTTPRequest */,
				"HTTPRequest::SwiftPMPackageDescription" /* HTTPRequestPackageDescription */,
				"SwiftyJSON::SwiftyJSON" /* SwiftyJSON */,
				"SwiftyJSON::SwiftPMPackageDescription" /* SwiftyJSONPackageDescription */,
			);
		};
/* End PBXProject section */

/* Begin PBXSourcesBuildPhase section */
		OBJ_273 /* Sources */ = {
			isa = PBXSourcesBuildPhase;
			buildActionMask = 0;
			files = (
				OBJ_274 /* AFError.swift in Sources */,
				OBJ_275 /* Alamofire.swift in Sources */,
				OBJ_276 /* AlamofireExtended.swift in Sources */,
				OBJ_277 /* AuthenticationInterceptor.swift in Sources */,
				OBJ_278 /* CachedResponseHandler.swift in Sources */,
				OBJ_279 /* Combine.swift in Sources */,
				OBJ_280 /* DispatchQueue+Alamofire.swift in Sources */,
				OBJ_281 /* EventMonitor.swift in Sources */,
				OBJ_282 /* HTTPHeaders.swift in Sources */,
				OBJ_283 /* HTTPMethod.swift in Sources */,
				OBJ_284 /* MultipartFormData.swift in Sources */,
				OBJ_285 /* MultipartUpload.swift in Sources */,
				OBJ_286 /* NetworkReachabilityManager.swift in Sources */,
				OBJ_287 /* Notifications.swift in Sources */,
				OBJ_288 /* OperationQueue+Alamofire.swift in Sources */,
				OBJ_289 /* ParameterEncoder.swift in Sources */,
				OBJ_290 /* ParameterEncoding.swift in Sources */,
				OBJ_291 /* Protected.swift in Sources */,
				OBJ_292 /* RedirectHandler.swift in Sources */,
				OBJ_293 /* Request.swift in Sources */,
				OBJ_294 /* RequestInterceptor.swift in Sources */,
				OBJ_295 /* RequestTaskMap.swift in Sources */,
				OBJ_296 /* Response.swift in Sources */,
				OBJ_297 /* ResponseSerialization.swift in Sources */,
				OBJ_298 /* Result+Alamofire.swift in Sources */,
				OBJ_299 /* RetryPolicy.swift in Sources */,
				OBJ_300 /* ServerTrustEvaluation.swift in Sources */,
				OBJ_301 /* Session.swift in Sources */,
				OBJ_302 /* SessionDelegate.swift in Sources */,
				OBJ_303 /* StringEncoding+Alamofire.swift in Sources */,
				OBJ_304 /* URLConvertible+URLRequestConvertible.swift in Sources */,
				OBJ_305 /* URLEncodedFormEncoder.swift in Sources */,
				OBJ_306 /* URLRequest+Alamofire.swift in Sources */,
				OBJ_307 /* URLSessionConfiguration+Alamofire.swift in Sources */,
				OBJ_308 /* Validation.swift in Sources */,
			);
			runOnlyForDeploymentPostprocessing = 0;
		};
		OBJ_314 /* Sources */ = {
			isa = PBXSourcesBuildPhase;
			buildActionMask = 0;
			files = (
				OBJ_315 /* Package.swift in Sources */,
			);
			runOnlyForDeploymentPostprocessing = 0;
		};
		OBJ_320 /* Sources */ = {
			isa = PBXSourcesBuildPhase;
			buildActionMask = 0;
			files = (
				OBJ_331 /* JSONDecoder+SnakeCase.swift in Sources */,
				OBJ_333 /* OSLog+Logger.swift in Sources */,
				OBJ_335 /* Data+Codable.swift in Sources */,
				B86A648526ECB8DB00EEBAAE /* Sample.swift in Sources */,
				B86A647A26ECB74100EEBAAE /* FontModel+Font.swift in Sources */,
				B86A645C26ECB60F00EEBAAE /* ListItemModel+ListItemView.swift in Sources */,
				OBJ_343 /* UINavigationController+ActionHandler.swift in Sources */,
				OBJ_344 /* UINavigationController+Extensions.swift in Sources */,
				OBJ_345 /* UINavigationController+Page.swift in Sources */,
				OBJ_350 /* URL+URLComponents.swift in Sources */,
				OBJ_351 /* Fusion.swift in Sources */,
				OBJ_352 /* APIEnum.swift in Sources */,
				B86A649426ED13C100EEBAAE /* Actionable.swift in Sources */,
				OBJ_353 /* APIModel.swift in Sources */,
				OBJ_354 /* BorderModel.swift in Sources */,
				OBJ_355 /* EntryModel.swift in Sources */,
				OBJ_356 /* FontModel.swift in Sources */,
				OBJ_357 /* InsetsModel.swift in Sources */,
				B86A649226ED103D00EEBAAE /* ListItemView.swift in Sources */,
				OBJ_359 /* ShadowModel.swift in Sources */,
				OBJ_360 /* SizeModel.swift in Sources */,
				B86A649026ED0F5F00EEBAAE /* ModelView.swift in Sources */,
				OBJ_361 /* TextAlignmentModel.swift in Sources */,
				OBJ_362 /* Action.swift in Sources */,
				OBJ_363 /* EmailAction.swift in Sources */,
				OBJ_364 /* LinkAction.swift in Sources */,
				OBJ_365 /* NativeAction.swift in Sources */,
				OBJ_366 /* PageAction.swift in Sources */,
				OBJ_367 /* BulletModel.swift in Sources */,
				OBJ_368 /* BulletGroupModel.swift in Sources */,
				B86A649726ED416B00EEBAAE /* EmailViewControllerRepresentable.swift in Sources */,
				OBJ_369 /* ButtonModel.swift in Sources */,
				B86A647C26ECB74100EEBAAE /* Text+FontModel.swift in Sources */,
				B86A646726ECB69C00EEBAAE /* EdgeInsets+Extensions.swift in Sources */,
				OBJ_370 /* DividerModel.swift in Sources */,
				B86A646926ECB6DD00EEBAAE /* LineHeight.swift in Sources */,
				B86A647926ECB74100EEBAAE /* SketchShadow+ViewModifier.swift in Sources */,
				B86A647626ECB74100EEBAAE /* FontModel+LegacyFont.swift in Sources */,
				OBJ_371 /* ImageModel.swift in Sources */,
				B86A647B26ECB74100EEBAAE /* InsetsModel+EdgeInsets.swift in Sources */,
				OBJ_372 /* JSONModel.swift in Sources */,
				OBJ_373 /* ListItemModel.swift in Sources */,
				OBJ_374 /* TextModel.swift in Sources */,
				OBJ_375 /* Page.swift in Sources */,
				B86A648C26ECCD6600EEBAAE /* Page+View.swift in Sources */,
				OBJ_376 /* ModelState.swift in Sources */,
				OBJ_377 /* Screen.swift in Sources */,
				OBJ_378 /* ActionHandler.swift in Sources */,
				OBJ_390 /* TextEntity.swift in Sources */,
				B86A645A26ECB60F00EEBAAE /* ImageModel+FusionView.swift in Sources */,
				B86A647526ECB74100EEBAAE /* View+ViewModel.swift in Sources */,
				OBJ_391 /* ViewModel.swift in Sources */,
				B86A645E26ECB60F00EEBAAE /* DividerModel+FusionView.swift in Sources */,
				B86A645B26ECB60F00EEBAAE /* ButtonModel+FusionView.swift in Sources */,
				B86A644B26ECAEAC00EEBAAE /* Units.swift in Sources */,
				OBJ_408 /* ModelData.swift in Sources */,
				B86A647826ECB74100EEBAAE /* LineHeight+ViewModifier.swift in Sources */,
				OBJ_409 /* ProjectFile.swift in Sources */,
				OBJ_414 /* Email.swift in Sources */,
				OBJ_415 /* EmailClient.swift in Sources */,
				B86A647726ECB74100EEBAAE /* TextAlignmentModel+TextAlignment.swift in Sources */,
				B86A645926ECB60F00EEBAAE /* BulletModel+ListItemView.swift in Sources */,
				OBJ_416 /* EmailDelegate.swift in Sources */,
				OBJ_417 /* UIViewController+Email.swift in Sources */,
				B86A644F26ECB01500EEBAAE /* SketchShadow.swift in Sources */,
				B86A646626ECB69C00EEBAAE /* Color+RGBA.swift in Sources */,
				OBJ_420 /* SafariDelegate.swift in Sources */,
				OBJ_422 /* BaseTableViewController.swift in Sources */,
				B86A648E26ED0E4D00EEBAAE /* FusionView.swift in Sources */,
				OBJ_423 /* BaseViewController.swift in Sources */,
				OBJ_424 /* PageViewController.swift in Sources */,
				B86A646026ECB66400EEBAAE /* Defaults.swift in Sources */,
				B86A645D26ECB60F00EEBAAE /* TextEntity+FusionView.swift in Sources */,
				B86A646526ECB69C00EEBAAE /* Color+Extensions.swift in Sources */,
				B86A644926EC848900EEBAAE /* ModelSource.swift in Sources */,
			);
			runOnlyForDeploymentPostprocessing = 0;
		};
		OBJ_470 /* Sources */ = {
			isa = PBXSourcesBuildPhase;
			buildActionMask = 0;
			files = (
				OBJ_471 /* Package.swift in Sources */,
			);
			runOnlyForDeploymentPostprocessing = 0;
		};
		OBJ_481 /* Sources */ = {
			isa = PBXSourcesBuildPhase;
			buildActionMask = 0;
			files = (
				OBJ_482 /* FusionTests.swift in Sources */,
				OBJ_483 /* UIColorExtensionsTests.swift in Sources */,
				OBJ_484 /* XCTestManifests.swift in Sources */,
			);
			runOnlyForDeploymentPostprocessing = 0;
		};
		OBJ_497 /* Sources */ = {
			isa = PBXSourcesBuildPhase;
			buildActionMask = 0;
			files = (
				OBJ_498 /* AFDataResponse+Model.swift in Sources */,
				OBJ_499 /* Array+URLQueryItem.swift in Sources */,
				OBJ_500 /* FileManager+Extensions.swift in Sources */,
				OBJ_501 /* HTTPHeader+Headers.swift in Sources */,
				OBJ_502 /* HierarchicalDateFormatter.swift in Sources */,
				OBJ_503 /* OSLog+Logger.swift in Sources */,
				OBJ_504 /* String+Data.swift in Sources */,
				OBJ_505 /* String+Extensions.swift in Sources */,
				OBJ_506 /* String+HTTP.swift in Sources */,
				OBJ_507 /* Configuration.swift in Sources */,
				OBJ_508 /* HTTPRequest+Build.swift in Sources */,
				OBJ_509 /* HTTPRequest.swift in Sources */,
				OBJ_510 /* HTTPRequestable.swift in Sources */,
				OBJ_511 /* KeychainError.swift in Sources */,
				OBJ_512 /* KeychainToken.swift in Sources */,
				OBJ_513 /* NotificationCenter+KeychainToken.swift in Sources */,
				OBJ_514 /* DateFormatter+ISO8601.swift in Sources */,
				OBJ_515 /* Decodable+JSON.swift in Sources */,
				OBJ_516 /* Encodable+JSON.swift in Sources */,
				OBJ_517 /* JSONDecoder+Default.swift in Sources */,
				OBJ_518 /* JSONEncoder+Default.swift in Sources */,
				OBJ_519 /* Model.swift in Sources */,
				OBJ_520 /* Result+Extensions.swift in Sources */,
				OBJ_521 /* Result+Model.swift in Sources */,
				OBJ_522 /* SnakeCaseModel.swift in Sources */,
				OBJ_523 /* Session+URLRequest.swift in Sources */,
				OBJ_524 /* Session+URLRequestConvertible.swift in Sources */,
			);
			runOnlyForDeploymentPostprocessing = 0;
		};
		OBJ_532 /* Sources */ = {
			isa = PBXSourcesBuildPhase;
			buildActionMask = 0;
			files = (
				OBJ_533 /* Package.swift in Sources */,
			);
			runOnlyForDeploymentPostprocessing = 0;
		};
		OBJ_537 /* Sources */ = {
			isa = PBXSourcesBuildPhase;
			buildActionMask = 0;
			files = (
				OBJ_538 /* SwiftyJSON.swift in Sources */,
			);
			runOnlyForDeploymentPostprocessing = 0;
		};
		OBJ_544 /* Sources */ = {
			isa = PBXSourcesBuildPhase;
			buildActionMask = 0;
			files = (
				OBJ_545 /* Package.swift in Sources */,
			);
			runOnlyForDeploymentPostprocessing = 0;
		};
/* End PBXSourcesBuildPhase section */

/* Begin PBXTargetDependency section */
		OBJ_476 /* PBXTargetDependency */ = {
			isa = PBXTargetDependency;
			target = "Fusion::FusionTests" /* FusionTests */;
			targetProxy = B86A643526EC81E500EEBAAE /* PBXContainerItemProxy */;
		};
		OBJ_490 /* PBXTargetDependency */ = {
			isa = PBXTargetDependency;
			target = "Fusion::Fusion" /* Fusion */;
			targetProxy = B86A643126EC81E400EEBAAE /* PBXContainerItemProxy */;
		};
		OBJ_491 /* PBXTargetDependency */ = {
			isa = PBXTargetDependency;
			target = "HTTPRequest::HTTPRequest" /* HTTPRequest */;
			targetProxy = B86A643226EC81E400EEBAAE /* PBXContainerItemProxy */;
		};
		OBJ_492 /* PBXTargetDependency */ = {
			isa = PBXTargetDependency;
			target = "Alamofire::Alamofire" /* Alamofire */;
			targetProxy = B86A643326EC81E400EEBAAE /* PBXContainerItemProxy */;
		};
		OBJ_493 /* PBXTargetDependency */ = {
			isa = PBXTargetDependency;
			target = "SwiftyJSON::SwiftyJSON" /* SwiftyJSON */;
			targetProxy = B86A643426EC81E400EEBAAE /* PBXContainerItemProxy */;
		};
		OBJ_527 /* PBXTargetDependency */ = {
			isa = PBXTargetDependency;
			target = "Alamofire::Alamofire" /* Alamofire */;
			targetProxy = B86A642E26EC81E400EEBAAE /* PBXContainerItemProxy */;
		};
/* End PBXTargetDependency section */

/* Begin XCBuildConfiguration section */
		OBJ_271 /* Debug */ = {
			isa = XCBuildConfiguration;
			buildSettings = {
				CURRENT_PROJECT_VERSION = 1;
				ENABLE_TESTABILITY = YES;
				FRAMEWORK_SEARCH_PATHS = (
					"$(inherited)",
					"$(PLATFORM_DIR)/Developer/Library/Frameworks",
				);
				HEADER_SEARCH_PATHS = "$(inherited)";
				INFOPLIST_FILE = Fusion.xcodeproj/Alamofire_Info.plist;
				IPHONEOS_DEPLOYMENT_TARGET = 10.0;
				LD_RUNPATH_SEARCH_PATHS = (
					"$(inherited)",
					"$(TOOLCHAIN_DIR)/usr/lib/swift/macosx",
				);
				MACOSX_DEPLOYMENT_TARGET = 10.12;
				OTHER_CFLAGS = "$(inherited)";
				OTHER_LDFLAGS = (
					"$(inherited)",
					"-framework",
					CFNetwork,
				);
				OTHER_SWIFT_FLAGS = "$(inherited)";
				PRODUCT_BUNDLE_IDENTIFIER = Alamofire;
				PRODUCT_MODULE_NAME = "$(TARGET_NAME:c99extidentifier)";
				PRODUCT_NAME = "$(TARGET_NAME:c99extidentifier)";
				SKIP_INSTALL = YES;
				SWIFT_ACTIVE_COMPILATION_CONDITIONS = "$(inherited)";
				SWIFT_VERSION = 5.0;
				TARGET_NAME = Alamofire;
				TVOS_DEPLOYMENT_TARGET = 10.0;
				WATCHOS_DEPLOYMENT_TARGET = 3.0;
			};
			name = Debug;
		};
		OBJ_272 /* Release */ = {
			isa = XCBuildConfiguration;
			buildSettings = {
				CURRENT_PROJECT_VERSION = 1;
				ENABLE_TESTABILITY = YES;
				FRAMEWORK_SEARCH_PATHS = (
					"$(inherited)",
					"$(PLATFORM_DIR)/Developer/Library/Frameworks",
				);
				HEADER_SEARCH_PATHS = "$(inherited)";
				INFOPLIST_FILE = Fusion.xcodeproj/Alamofire_Info.plist;
				IPHONEOS_DEPLOYMENT_TARGET = 10.0;
				LD_RUNPATH_SEARCH_PATHS = (
					"$(inherited)",
					"$(TOOLCHAIN_DIR)/usr/lib/swift/macosx",
				);
				MACOSX_DEPLOYMENT_TARGET = 10.12;
				OTHER_CFLAGS = "$(inherited)";
				OTHER_LDFLAGS = (
					"$(inherited)",
					"-framework",
					CFNetwork,
				);
				OTHER_SWIFT_FLAGS = "$(inherited)";
				PRODUCT_BUNDLE_IDENTIFIER = Alamofire;
				PRODUCT_MODULE_NAME = "$(TARGET_NAME:c99extidentifier)";
				PRODUCT_NAME = "$(TARGET_NAME:c99extidentifier)";
				SKIP_INSTALL = YES;
				SWIFT_ACTIVE_COMPILATION_CONDITIONS = "$(inherited)";
				SWIFT_VERSION = 5.0;
				TARGET_NAME = Alamofire;
				TVOS_DEPLOYMENT_TARGET = 10.0;
				WATCHOS_DEPLOYMENT_TARGET = 3.0;
			};
			name = Release;
		};
		OBJ_3 /* Debug */ = {
			isa = XCBuildConfiguration;
			buildSettings = {
				CLANG_ENABLE_OBJC_ARC = YES;
				COMBINE_HIDPI_IMAGES = YES;
				COPY_PHASE_STRIP = NO;
				DEBUG_INFORMATION_FORMAT = dwarf;
				DYLIB_INSTALL_NAME_BASE = "@rpath";
				ENABLE_NS_ASSERTIONS = YES;
				GCC_OPTIMIZATION_LEVEL = 0;
				GCC_PREPROCESSOR_DEFINITIONS = (
					"$(inherited)",
					"SWIFT_PACKAGE=1",
					"DEBUG=1",
				);
				MACOSX_DEPLOYMENT_TARGET = 10.10;
				ONLY_ACTIVE_ARCH = YES;
				OTHER_SWIFT_FLAGS = "$(inherited) -DXcode";
				PRODUCT_NAME = "$(TARGET_NAME)";
				SDKROOT = macosx;
				SUPPORTED_PLATFORMS = "$(AVAILABLE_PLATFORMS)";
				SUPPORTS_MACCATALYST = YES;
				SWIFT_ACTIVE_COMPILATION_CONDITIONS = "$(inherited) SWIFT_PACKAGE DEBUG";
				SWIFT_OPTIMIZATION_LEVEL = "-Onone";
				USE_HEADERMAP = NO;
			};
			name = Debug;
		};
		OBJ_312 /* Debug */ = {
			isa = XCBuildConfiguration;
			buildSettings = {
				LD = /usr/bin/true;
				OTHER_SWIFT_FLAGS = "-swift-version 5 -I $(TOOLCHAIN_DIR)/usr/lib/swift/pm/4_2 -sdk /Applications/Xcode.app/Contents/Developer/Platforms/MacOSX.platform/Developer/SDKs/MacOSX11.3.sdk -package-description-version 5.1.0";
				SWIFT_VERSION = 5.0;
			};
			name = Debug;
		};
		OBJ_313 /* Release */ = {
			isa = XCBuildConfiguration;
			buildSettings = {
				LD = /usr/bin/true;
				OTHER_SWIFT_FLAGS = "-swift-version 5 -I $(TOOLCHAIN_DIR)/usr/lib/swift/pm/4_2 -sdk /Applications/Xcode.app/Contents/Developer/Platforms/MacOSX.platform/Developer/SDKs/MacOSX11.3.sdk -package-description-version 5.1.0";
				SWIFT_VERSION = 5.0;
			};
			name = Release;
		};
		OBJ_318 /* Debug */ = {
			isa = XCBuildConfiguration;
			buildSettings = {
				CURRENT_PROJECT_VERSION = 1;
				ENABLE_TESTABILITY = YES;
				FRAMEWORK_SEARCH_PATHS = (
					"$(inherited)",
					"$(PLATFORM_DIR)/Developer/Library/Frameworks",
				);
				HEADER_SEARCH_PATHS = "$(inherited)";
				INFOPLIST_FILE = Fusion.xcodeproj/Fusion_Info.plist;
				IPHONEOS_DEPLOYMENT_TARGET = 13.0;
				LD_RUNPATH_SEARCH_PATHS = (
					"$(inherited)",
					"$(TOOLCHAIN_DIR)/usr/lib/swift/macosx",
				);
				MACOSX_DEPLOYMENT_TARGET = 10.14;
				MARKETING_VERSION = 1.0.0;
				OTHER_CFLAGS = "$(inherited)";
				OTHER_LDFLAGS = "$(inherited)";
				OTHER_SWIFT_FLAGS = "$(inherited)";
				PRODUCT_BUNDLE_IDENTIFIER = Fusion;
				PRODUCT_MODULE_NAME = "$(TARGET_NAME:c99extidentifier)";
				PRODUCT_NAME = "$(TARGET_NAME:c99extidentifier)";
				SKIP_INSTALL = YES;
				SWIFT_ACTIVE_COMPILATION_CONDITIONS = "$(inherited)";
				SWIFT_VERSION = 5.0;
				TARGET_NAME = Fusion;
				TVOS_DEPLOYMENT_TARGET = 9.0;
				WATCHOS_DEPLOYMENT_TARGET = 2.0;
			};
			name = Debug;
		};
		OBJ_319 /* Release */ = {
			isa = XCBuildConfiguration;
			buildSettings = {
				CURRENT_PROJECT_VERSION = 1;
				ENABLE_TESTABILITY = YES;
				FRAMEWORK_SEARCH_PATHS = (
					"$(inherited)",
					"$(PLATFORM_DIR)/Developer/Library/Frameworks",
				);
				HEADER_SEARCH_PATHS = "$(inherited)";
				INFOPLIST_FILE = Fusion.xcodeproj/Fusion_Info.plist;
				IPHONEOS_DEPLOYMENT_TARGET = 13.0;
				LD_RUNPATH_SEARCH_PATHS = (
					"$(inherited)",
					"$(TOOLCHAIN_DIR)/usr/lib/swift/macosx",
				);
				MACOSX_DEPLOYMENT_TARGET = 10.14;
				MARKETING_VERSION = 1.0.0;
				OTHER_CFLAGS = "$(inherited)";
				OTHER_LDFLAGS = "$(inherited)";
				OTHER_SWIFT_FLAGS = "$(inherited)";
				PRODUCT_BUNDLE_IDENTIFIER = Fusion;
				PRODUCT_MODULE_NAME = "$(TARGET_NAME:c99extidentifier)";
				PRODUCT_NAME = "$(TARGET_NAME:c99extidentifier)";
				SKIP_INSTALL = YES;
				SWIFT_ACTIVE_COMPILATION_CONDITIONS = "$(inherited)";
				SWIFT_VERSION = 5.0;
				TARGET_NAME = Fusion;
				TVOS_DEPLOYMENT_TARGET = 9.0;
				WATCHOS_DEPLOYMENT_TARGET = 2.0;
			};
			name = Release;
		};
		OBJ_4 /* Release */ = {
			isa = XCBuildConfiguration;
			buildSettings = {
				CLANG_ENABLE_OBJC_ARC = YES;
				COMBINE_HIDPI_IMAGES = YES;
				COPY_PHASE_STRIP = YES;
				DEBUG_INFORMATION_FORMAT = "dwarf-with-dsym";
				DYLIB_INSTALL_NAME_BASE = "@rpath";
				GCC_OPTIMIZATION_LEVEL = s;
				GCC_PREPROCESSOR_DEFINITIONS = (
					"$(inherited)",
					"SWIFT_PACKAGE=1",
				);
				MACOSX_DEPLOYMENT_TARGET = 10.10;
				OTHER_SWIFT_FLAGS = "$(inherited) -DXcode";
				PRODUCT_NAME = "$(TARGET_NAME)";
				SDKROOT = macosx;
				SUPPORTED_PLATFORMS = "$(AVAILABLE_PLATFORMS)";
				SUPPORTS_MACCATALYST = YES;
				SWIFT_ACTIVE_COMPILATION_CONDITIONS = "$(inherited) SWIFT_PACKAGE";
				SWIFT_COMPILATION_MODE = wholemodule;
				SWIFT_OPTIMIZATION_LEVEL = "-O";
				USE_HEADERMAP = NO;
			};
			name = Release;
		};
		OBJ_468 /* Debug */ = {
			isa = XCBuildConfiguration;
			buildSettings = {
				LD = /usr/bin/true;
				OTHER_SWIFT_FLAGS = "-swift-version 5 -I $(TOOLCHAIN_DIR)/usr/lib/swift/pm/4_2 -sdk /Applications/Xcode.app/Contents/Developer/Platforms/MacOSX.platform/Developer/SDKs/MacOSX11.3.sdk -package-description-version 5.3.0";
				SWIFT_VERSION = 5.0;
			};
			name = Debug;
		};
		OBJ_469 /* Release */ = {
			isa = XCBuildConfiguration;
			buildSettings = {
				LD = /usr/bin/true;
				OTHER_SWIFT_FLAGS = "-swift-version 5 -I $(TOOLCHAIN_DIR)/usr/lib/swift/pm/4_2 -sdk /Applications/Xcode.app/Contents/Developer/Platforms/MacOSX.platform/Developer/SDKs/MacOSX11.3.sdk -package-description-version 5.3.0";
				SWIFT_VERSION = 5.0;
			};
			name = Release;
		};
		OBJ_474 /* Debug */ = {
			isa = XCBuildConfiguration;
			buildSettings = {
			};
			name = Debug;
		};
		OBJ_475 /* Release */ = {
			isa = XCBuildConfiguration;
			buildSettings = {
			};
			name = Release;
		};
		OBJ_479 /* Debug */ = {
			isa = XCBuildConfiguration;
			buildSettings = {
				CLANG_ENABLE_MODULES = YES;
				CURRENT_PROJECT_VERSION = 1;
				EMBEDDED_CONTENT_CONTAINS_SWIFT = YES;
				FRAMEWORK_SEARCH_PATHS = (
					"$(inherited)",
					"$(PLATFORM_DIR)/Developer/Library/Frameworks",
				);
				HEADER_SEARCH_PATHS = "$(inherited)";
				INFOPLIST_FILE = Fusion.xcodeproj/FusionTests_Info.plist;
				IPHONEOS_DEPLOYMENT_TARGET = 14.0;
				LD_RUNPATH_SEARCH_PATHS = (
					"$(inherited)",
					"@loader_path/../Frameworks",
					"@loader_path/Frameworks",
				);
				MACOSX_DEPLOYMENT_TARGET = 10.15;
				OTHER_CFLAGS = "$(inherited)";
				OTHER_LDFLAGS = "$(inherited)";
				OTHER_SWIFT_FLAGS = "$(inherited)";
				SWIFT_ACTIVE_COMPILATION_CONDITIONS = "$(inherited)";
				SWIFT_VERSION = 5.0;
				TARGET_NAME = FusionTests;
				TVOS_DEPLOYMENT_TARGET = 9.0;
				WATCHOS_DEPLOYMENT_TARGET = 7.0;
			};
			name = Debug;
		};
		OBJ_480 /* Release */ = {
			isa = XCBuildConfiguration;
			buildSettings = {
				CLANG_ENABLE_MODULES = YES;
				CURRENT_PROJECT_VERSION = 1;
				EMBEDDED_CONTENT_CONTAINS_SWIFT = YES;
				FRAMEWORK_SEARCH_PATHS = (
					"$(inherited)",
					"$(PLATFORM_DIR)/Developer/Library/Frameworks",
				);
				HEADER_SEARCH_PATHS = "$(inherited)";
				INFOPLIST_FILE = Fusion.xcodeproj/FusionTests_Info.plist;
				IPHONEOS_DEPLOYMENT_TARGET = 14.0;
				LD_RUNPATH_SEARCH_PATHS = (
					"$(inherited)",
					"@loader_path/../Frameworks",
					"@loader_path/Frameworks",
				);
				MACOSX_DEPLOYMENT_TARGET = 10.15;
				OTHER_CFLAGS = "$(inherited)";
				OTHER_LDFLAGS = "$(inherited)";
				OTHER_SWIFT_FLAGS = "$(inherited)";
				SWIFT_ACTIVE_COMPILATION_CONDITIONS = "$(inherited)";
				SWIFT_VERSION = 5.0;
				TARGET_NAME = FusionTests;
				TVOS_DEPLOYMENT_TARGET = 9.0;
				WATCHOS_DEPLOYMENT_TARGET = 7.0;
			};
			name = Release;
		};
		OBJ_495 /* Debug */ = {
			isa = XCBuildConfiguration;
			buildSettings = {
				CURRENT_PROJECT_VERSION = 1;
				ENABLE_TESTABILITY = YES;
				FRAMEWORK_SEARCH_PATHS = (
					"$(inherited)",
					"$(PLATFORM_DIR)/Developer/Library/Frameworks",
				);
				HEADER_SEARCH_PATHS = "$(inherited)";
				INFOPLIST_FILE = Fusion.xcodeproj/HTTPRequest_Info.plist;
				IPHONEOS_DEPLOYMENT_TARGET = 12.0;
				LD_RUNPATH_SEARCH_PATHS = (
					"$(inherited)",
					"$(TOOLCHAIN_DIR)/usr/lib/swift/macosx",
				);
				MACOSX_DEPLOYMENT_TARGET = 10.14;
				OTHER_CFLAGS = "$(inherited)";
				OTHER_LDFLAGS = "$(inherited)";
				OTHER_SWIFT_FLAGS = "$(inherited)";
				PRODUCT_BUNDLE_IDENTIFIER = HTTPRequest;
				PRODUCT_MODULE_NAME = "$(TARGET_NAME:c99extidentifier)";
				PRODUCT_NAME = "$(TARGET_NAME:c99extidentifier)";
				SKIP_INSTALL = YES;
				SWIFT_ACTIVE_COMPILATION_CONDITIONS = "$(inherited)";
				SWIFT_VERSION = 5.0;
				TARGET_NAME = HTTPRequest;
				TVOS_DEPLOYMENT_TARGET = 9.0;
				WATCHOS_DEPLOYMENT_TARGET = 2.0;
			};
			name = Debug;
		};
		OBJ_496 /* Release */ = {
			isa = XCBuildConfiguration;
			buildSettings = {
				CURRENT_PROJECT_VERSION = 1;
				ENABLE_TESTABILITY = YES;
				FRAMEWORK_SEARCH_PATHS = (
					"$(inherited)",
					"$(PLATFORM_DIR)/Developer/Library/Frameworks",
				);
				HEADER_SEARCH_PATHS = "$(inherited)";
				INFOPLIST_FILE = Fusion.xcodeproj/HTTPRequest_Info.plist;
				IPHONEOS_DEPLOYMENT_TARGET = 12.0;
				LD_RUNPATH_SEARCH_PATHS = (
					"$(inherited)",
					"$(TOOLCHAIN_DIR)/usr/lib/swift/macosx",
				);
				MACOSX_DEPLOYMENT_TARGET = 10.14;
				OTHER_CFLAGS = "$(inherited)";
				OTHER_LDFLAGS = "$(inherited)";
				OTHER_SWIFT_FLAGS = "$(inherited)";
				PRODUCT_BUNDLE_IDENTIFIER = HTTPRequest;
				PRODUCT_MODULE_NAME = "$(TARGET_NAME:c99extidentifier)";
				PRODUCT_NAME = "$(TARGET_NAME:c99extidentifier)";
				SKIP_INSTALL = YES;
				SWIFT_ACTIVE_COMPILATION_CONDITIONS = "$(inherited)";
				SWIFT_VERSION = 5.0;
				TARGET_NAME = HTTPRequest;
				TVOS_DEPLOYMENT_TARGET = 9.0;
				WATCHOS_DEPLOYMENT_TARGET = 2.0;
			};
			name = Release;
		};
		OBJ_530 /* Debug */ = {
			isa = XCBuildConfiguration;
			buildSettings = {
				LD = /usr/bin/true;
				OTHER_SWIFT_FLAGS = "-swift-version 5 -I $(TOOLCHAIN_DIR)/usr/lib/swift/pm/4_2 -sdk /Applications/Xcode.app/Contents/Developer/Platforms/MacOSX.platform/Developer/SDKs/MacOSX11.3.sdk -package-description-version 5.3.0";
				SWIFT_VERSION = 5.0;
			};
			name = Debug;
		};
		OBJ_531 /* Release */ = {
			isa = XCBuildConfiguration;
			buildSettings = {
				LD = /usr/bin/true;
				OTHER_SWIFT_FLAGS = "-swift-version 5 -I $(TOOLCHAIN_DIR)/usr/lib/swift/pm/4_2 -sdk /Applications/Xcode.app/Contents/Developer/Platforms/MacOSX.platform/Developer/SDKs/MacOSX11.3.sdk -package-description-version 5.3.0";
				SWIFT_VERSION = 5.0;
			};
			name = Release;
		};
		OBJ_535 /* Debug */ = {
			isa = XCBuildConfiguration;
			buildSettings = {
				CURRENT_PROJECT_VERSION = 1;
				ENABLE_TESTABILITY = YES;
				FRAMEWORK_SEARCH_PATHS = (
					"$(inherited)",
					"$(PLATFORM_DIR)/Developer/Library/Frameworks",
				);
				HEADER_SEARCH_PATHS = "$(inherited)";
				INFOPLIST_FILE = Fusion.xcodeproj/SwiftyJSON_Info.plist;
				IPHONEOS_DEPLOYMENT_TARGET = 8.0;
				LD_RUNPATH_SEARCH_PATHS = (
					"$(inherited)",
					"$(TOOLCHAIN_DIR)/usr/lib/swift/macosx",
				);
				MACOSX_DEPLOYMENT_TARGET = 10.10;
				OTHER_CFLAGS = "$(inherited)";
				OTHER_LDFLAGS = "$(inherited)";
				OTHER_SWIFT_FLAGS = "$(inherited)";
				PRODUCT_BUNDLE_IDENTIFIER = SwiftyJSON;
				PRODUCT_MODULE_NAME = "$(TARGET_NAME:c99extidentifier)";
				PRODUCT_NAME = "$(TARGET_NAME:c99extidentifier)";
				SKIP_INSTALL = YES;
				SWIFT_ACTIVE_COMPILATION_CONDITIONS = "$(inherited)";
				SWIFT_VERSION = 5.0;
				TARGET_NAME = SwiftyJSON;
				TVOS_DEPLOYMENT_TARGET = 9.0;
				WATCHOS_DEPLOYMENT_TARGET = 3.0;
			};
			name = Debug;
		};
		OBJ_536 /* Release */ = {
			isa = XCBuildConfiguration;
			buildSettings = {
				CURRENT_PROJECT_VERSION = 1;
				ENABLE_TESTABILITY = YES;
				FRAMEWORK_SEARCH_PATHS = (
					"$(inherited)",
					"$(PLATFORM_DIR)/Developer/Library/Frameworks",
				);
				HEADER_SEARCH_PATHS = "$(inherited)";
				INFOPLIST_FILE = Fusion.xcodeproj/SwiftyJSON_Info.plist;
				IPHONEOS_DEPLOYMENT_TARGET = 8.0;
				LD_RUNPATH_SEARCH_PATHS = (
					"$(inherited)",
					"$(TOOLCHAIN_DIR)/usr/lib/swift/macosx",
				);
				MACOSX_DEPLOYMENT_TARGET = 10.10;
				OTHER_CFLAGS = "$(inherited)";
				OTHER_LDFLAGS = "$(inherited)";
				OTHER_SWIFT_FLAGS = "$(inherited)";
				PRODUCT_BUNDLE_IDENTIFIER = SwiftyJSON;
				PRODUCT_MODULE_NAME = "$(TARGET_NAME:c99extidentifier)";
				PRODUCT_NAME = "$(TARGET_NAME:c99extidentifier)";
				SKIP_INSTALL = YES;
				SWIFT_ACTIVE_COMPILATION_CONDITIONS = "$(inherited)";
				SWIFT_VERSION = 5.0;
				TARGET_NAME = SwiftyJSON;
				TVOS_DEPLOYMENT_TARGET = 9.0;
				WATCHOS_DEPLOYMENT_TARGET = 3.0;
			};
			name = Release;
		};
		OBJ_542 /* Debug */ = {
			isa = XCBuildConfiguration;
			buildSettings = {
				LD = /usr/bin/true;
				OTHER_SWIFT_FLAGS = "-swift-version 5 -I $(TOOLCHAIN_DIR)/usr/lib/swift/pm/4_2 -sdk /Applications/Xcode.app/Contents/Developer/Platforms/MacOSX.platform/Developer/SDKs/MacOSX11.3.sdk -package-description-version 5.0.0";
				SWIFT_VERSION = 5.0;
			};
			name = Debug;
		};
		OBJ_543 /* Release */ = {
			isa = XCBuildConfiguration;
			buildSettings = {
				LD = /usr/bin/true;
				OTHER_SWIFT_FLAGS = "-swift-version 5 -I $(TOOLCHAIN_DIR)/usr/lib/swift/pm/4_2 -sdk /Applications/Xcode.app/Contents/Developer/Platforms/MacOSX.platform/Developer/SDKs/MacOSX11.3.sdk -package-description-version 5.0.0";
				SWIFT_VERSION = 5.0;
			};
			name = Release;
		};
/* End XCBuildConfiguration section */

/* Begin XCConfigurationList section */
		OBJ_2 /* Build configuration list for PBXProject "Fusion" */ = {
			isa = XCConfigurationList;
			buildConfigurations = (
				OBJ_3 /* Debug */,
				OBJ_4 /* Release */,
			);
			defaultConfigurationIsVisible = 0;
			defaultConfigurationName = Release;
		};
		OBJ_270 /* Build configuration list for PBXNativeTarget "Alamofire" */ = {
			isa = XCConfigurationList;
			buildConfigurations = (
				OBJ_271 /* Debug */,
				OBJ_272 /* Release */,
			);
			defaultConfigurationIsVisible = 0;
			defaultConfigurationName = Release;
		};
		OBJ_311 /* Build configuration list for PBXNativeTarget "AlamofirePackageDescription" */ = {
			isa = XCConfigurationList;
			buildConfigurations = (
				OBJ_312 /* Debug */,
				OBJ_313 /* Release */,
			);
			defaultConfigurationIsVisible = 0;
			defaultConfigurationName = Release;
		};
		OBJ_317 /* Build configuration list for PBXNativeTarget "Fusion" */ = {
			isa = XCConfigurationList;
			buildConfigurations = (
				OBJ_318 /* Debug */,
				OBJ_319 /* Release */,
			);
			defaultConfigurationIsVisible = 0;
			defaultConfigurationName = Release;
		};
		OBJ_467 /* Build configuration list for PBXNativeTarget "FusionPackageDescription" */ = {
			isa = XCConfigurationList;
			buildConfigurations = (
				OBJ_468 /* Debug */,
				OBJ_469 /* Release */,
			);
			defaultConfigurationIsVisible = 0;
			defaultConfigurationName = Release;
		};
		OBJ_473 /* Build configuration list for PBXAggregateTarget "FusionPackageTests" */ = {
			isa = XCConfigurationList;
			buildConfigurations = (
				OBJ_474 /* Debug */,
				OBJ_475 /* Release */,
			);
			defaultConfigurationIsVisible = 0;
			defaultConfigurationName = Release;
		};
		OBJ_478 /* Build configuration list for PBXNativeTarget "FusionTests" */ = {
			isa = XCConfigurationList;
			buildConfigurations = (
				OBJ_479 /* Debug */,
				OBJ_480 /* Release */,
			);
			defaultConfigurationIsVisible = 0;
			defaultConfigurationName = Release;
		};
		OBJ_494 /* Build configuration list for PBXNativeTarget "HTTPRequest" */ = {
			isa = XCConfigurationList;
			buildConfigurations = (
				OBJ_495 /* Debug */,
				OBJ_496 /* Release */,
			);
			defaultConfigurationIsVisible = 0;
			defaultConfigurationName = Release;
		};
		OBJ_529 /* Build configuration list for PBXNativeTarget "HTTPRequestPackageDescription" */ = {
			isa = XCConfigurationList;
			buildConfigurations = (
				OBJ_530 /* Debug */,
				OBJ_531 /* Release */,
			);
			defaultConfigurationIsVisible = 0;
			defaultConfigurationName = Release;
		};
		OBJ_534 /* Build configuration list for PBXNativeTarget "SwiftyJSON" */ = {
			isa = XCConfigurationList;
			buildConfigurations = (
				OBJ_535 /* Debug */,
				OBJ_536 /* Release */,
			);
			defaultConfigurationIsVisible = 0;
			defaultConfigurationName = Release;
		};
		OBJ_541 /* Build configuration list for PBXNativeTarget "SwiftyJSONPackageDescription" */ = {
			isa = XCConfigurationList;
			buildConfigurations = (
				OBJ_542 /* Debug */,
				OBJ_543 /* Release */,
			);
			defaultConfigurationIsVisible = 0;
			defaultConfigurationName = Release;
		};
/* End XCConfigurationList section */
	};
	rootObject = OBJ_1 /* Project object */;
}
